{
  "version": 4,
  "terraform_version": "1.13.1",
  "serial": 124,
  "lineage": "3a69ff2a-373c-0837-a30c-177f06d90620",
  "outputs": {
    "bastion_host_public_ip": {
      "value": "54.242.85.44",
      "type": "string"
    },
    "database_endpoint": {
      "value": [
        "aurora-database-1.cox2eq48y844.us-east-1.rds.amazonaws.com",
        "aurora-database-2.cox2eq48y844.us-east-1.rds.amazonaws.com"
      ],
      "type": [
        "tuple",
        [
          "string",
          "string"
        ]
      ]
    },
    "elastic_IP": {
      "value": "98.87.206.134",
      "type": "string"
    },
    "lb_dns_name": {
      "value": "Webtier-LB-1226064909.us-east-1.elb.amazonaws.com",
      "type": "string"
    }
  },
  "resources": [
    {
      "mode": "managed",
      "type": "aws_autoscaling_group",
      "name": "Apptier-ASG",
      "provider": "provider[\"registry.terraform.io/hashicorp/aws\"]",
      "instances": [
        {
          "schema_version": 0,
          "attributes": {
            "arn": "arn:aws:autoscaling:us-east-1:843756394080:autoScalingGroup:e87e4a79-6a16-4820-a195-23441c9dba22:autoScalingGroupName/App-tier-ASG",
            "availability_zones": [
              "us-east-1a",
              "us-east-1b"
            ],
            "capacity_rebalance": false,
            "context": "",
            "default_cooldown": 300,
            "default_instance_warmup": 0,
            "desired_capacity": 2,
            "desired_capacity_type": "",
            "enabled_metrics": null,
            "force_delete": false,
            "force_delete_warm_pool": false,
            "health_check_grace_period": 300,
            "health_check_type": "ELB",
            "id": "App-tier-ASG",
            "initial_lifecycle_hook": [],
            "instance_refresh": [],
            "launch_configuration": "",
            "launch_template": [
              {
                "id": "lt-07980f02dd9bbadd1",
                "name": "Apptier-launch-template",
                "version": "$Latest"
              }
            ],
            "load_balancers": null,
            "max_instance_lifetime": 0,
            "max_size": 4,
            "metrics_granularity": "1Minute",
            "min_elb_capacity": null,
            "min_size": 2,
            "mixed_instances_policy": [],
            "name": "App-tier-ASG",
            "name_prefix": "",
            "placement_group": "",
            "protect_from_scale_in": false,
            "service_linked_role_arn": "arn:aws:iam::843756394080:role/aws-service-role/autoscaling.amazonaws.com/AWSServiceRoleForAutoScaling",
            "suspended_processes": null,
            "tag": [
              {
                "key": "Name",
                "propagate_at_launch": true,
                "value": "Apptier-ASG"
              }
            ],
            "tags": null,
            "target_group_arns": [
              "arn:aws:elasticloadbalancing:us-east-1:843756394080:targetgroup/Apptier-ALB-TG/96617d2a01d58a13"
            ],
            "termination_policies": null,
            "timeouts": null,
            "vpc_zone_identifier": [
              "subnet-0226f89cccd1ed731",
              "subnet-05727c2d83188788e"
            ],
            "wait_for_capacity_timeout": "10m",
            "wait_for_elb_capacity": null,
            "warm_pool": []
          },
          "sensitive_attributes": [],
          "identity_schema_version": 0,
          "private": "eyJlMmJmYjczMC1lY2FhLTExZTYtOGY4OC0zNDM2M2JjN2M0YzAiOnsiZGVsZXRlIjo2MDAwMDAwMDAwMDAsInVwZGF0ZSI6NjAwMDAwMDAwMDAwfX0=",
          "dependencies": [
            "aws_key_pair.P1_3tier_archi_keypair",
            "aws_launch_template.Apptier-launch-template",
            "aws_lb_target_group.apptier-alb-tg",
            "aws_security_group.apptier-alb-sg",
            "aws_security_group.apptier-sg",
            "aws_security_group.bastion-host-sg",
            "aws_security_group.webtier-alb-sg",
            "aws_security_group.webtier-sg",
            "aws_subnet.private_apptier_subnet",
            "aws_vpc.P1-3-tier-archi",
            "tls_private_key.P1_keypair"
          ],
          "create_before_destroy": true
        }
      ]
    },
    {
      "mode": "managed",
      "type": "aws_autoscaling_group",
      "name": "Webtier-ASG",
      "provider": "provider[\"registry.terraform.io/hashicorp/aws\"]",
      "instances": [
        {
          "schema_version": 0,
          "attributes": {
            "arn": "arn:aws:autoscaling:us-east-1:843756394080:autoScalingGroup:32e43fa4-4f8c-4ba7-8b52-2939ce86c255:autoScalingGroupName/Web-tier-ASG",
            "availability_zones": [
              "us-east-1a",
              "us-east-1b"
            ],
            "capacity_rebalance": false,
            "context": "",
            "default_cooldown": 300,
            "default_instance_warmup": 0,
            "desired_capacity": 2,
            "desired_capacity_type": "",
            "enabled_metrics": null,
            "force_delete": false,
            "force_delete_warm_pool": false,
            "health_check_grace_period": 300,
            "health_check_type": "ELB",
            "id": "Web-tier-ASG",
            "initial_lifecycle_hook": [],
            "instance_refresh": [],
            "launch_configuration": "",
            "launch_template": [
              {
                "id": "lt-0f039a39c11b5c87d",
                "name": "Webtier-launch-template",
                "version": "$Latest"
              }
            ],
            "load_balancers": null,
            "max_instance_lifetime": 0,
            "max_size": 4,
            "metrics_granularity": "1Minute",
            "min_elb_capacity": null,
            "min_size": 2,
            "mixed_instances_policy": [],
            "name": "Web-tier-ASG",
            "name_prefix": "",
            "placement_group": "",
            "protect_from_scale_in": false,
            "service_linked_role_arn": "arn:aws:iam::843756394080:role/aws-service-role/autoscaling.amazonaws.com/AWSServiceRoleForAutoScaling",
            "suspended_processes": null,
            "tag": [
              {
                "key": "Name",
                "propagate_at_launch": true,
                "value": "webtier-ASG"
              }
            ],
            "tags": null,
            "target_group_arns": [
              "arn:aws:elasticloadbalancing:us-east-1:843756394080:targetgroup/Webtier-ALB-TG/a8d5e419ee1280fe"
            ],
            "termination_policies": null,
            "timeouts": null,
            "vpc_zone_identifier": [
              "subnet-051d96d900f947f84",
              "subnet-060ae2d7d505d8b7a"
            ],
            "wait_for_capacity_timeout": "10m",
            "wait_for_elb_capacity": null,
            "warm_pool": []
          },
          "sensitive_attributes": [],
          "identity_schema_version": 0,
          "private": "eyJlMmJmYjczMC1lY2FhLTExZTYtOGY4OC0zNDM2M2JjN2M0YzAiOnsiZGVsZXRlIjo2MDAwMDAwMDAwMDAsInVwZGF0ZSI6NjAwMDAwMDAwMDAwfX0=",
          "dependencies": [
            "aws_key_pair.P1_3tier_archi_keypair",
            "aws_launch_template.Webtier-launch-template",
            "aws_lb_target_group.webtier-alb-tg",
            "aws_security_group.webtier-alb-sg",
            "aws_security_group.webtier-sg",
            "aws_subnet.public_webtier_subnet",
            "aws_vpc.P1-3-tier-archi",
            "tls_private_key.P1_keypair"
          ],
          "create_before_destroy": true
        }
      ]
    },
    {
      "mode": "managed",
      "type": "aws_autoscaling_policy",
      "name": "apptier-autoscaling-policy-down",
      "provider": "provider[\"registry.terraform.io/hashicorp/aws\"]",
      "instances": [
        {
          "schema_version": 0,
          "attributes": {
            "adjustment_type": "ChangeInCapacity",
            "arn": "arn:aws:autoscaling:us-east-1:843756394080:scalingPolicy:d38c41bd-5748-4f56-908b-fa1ff5912d37:autoScalingGroupName/App-tier-ASG:policyName/apptier-autoscaling-policy-down",
            "autoscaling_group_name": "App-tier-ASG",
            "cooldown": 300,
            "enabled": true,
            "estimated_instance_warmup": 0,
            "id": "apptier-autoscaling-policy-down",
            "metric_aggregation_type": "",
            "min_adjustment_magnitude": 0,
            "name": "apptier-autoscaling-policy-down",
            "policy_type": "SimpleScaling",
            "predictive_scaling_configuration": [],
            "scaling_adjustment": -1,
            "step_adjustment": [],
            "target_tracking_configuration": []
          },
          "sensitive_attributes": [],
          "identity_schema_version": 0,
          "private": "bnVsbA==",
          "dependencies": [
            "aws_autoscaling_group.Apptier-ASG",
            "aws_key_pair.P1_3tier_archi_keypair",
            "aws_launch_template.Apptier-launch-template",
            "aws_lb_target_group.apptier-alb-tg",
            "aws_security_group.apptier-alb-sg",
            "aws_security_group.apptier-sg",
            "aws_security_group.bastion-host-sg",
            "aws_security_group.webtier-alb-sg",
            "aws_security_group.webtier-sg",
            "aws_subnet.private_apptier_subnet",
            "aws_vpc.P1-3-tier-archi",
            "tls_private_key.P1_keypair"
          ]
        }
      ]
    },
    {
      "mode": "managed",
      "type": "aws_autoscaling_policy",
      "name": "apptier-autoscaling-policy-up",
      "provider": "provider[\"registry.terraform.io/hashicorp/aws\"]",
      "instances": [
        {
          "schema_version": 0,
          "attributes": {
            "adjustment_type": "ChangeInCapacity",
            "arn": "arn:aws:autoscaling:us-east-1:843756394080:scalingPolicy:41c32974-1a6d-4e35-8ce7-bd0fc7ad9ba9:autoScalingGroupName/App-tier-ASG:policyName/apptier-autoscaling-policy-up",
            "autoscaling_group_name": "App-tier-ASG",
            "cooldown": 300,
            "enabled": true,
            "estimated_instance_warmup": 0,
            "id": "apptier-autoscaling-policy-up",
            "metric_aggregation_type": "",
            "min_adjustment_magnitude": 0,
            "name": "apptier-autoscaling-policy-up",
            "policy_type": "SimpleScaling",
            "predictive_scaling_configuration": [],
            "scaling_adjustment": 1,
            "step_adjustment": [],
            "target_tracking_configuration": []
          },
          "sensitive_attributes": [],
          "identity_schema_version": 0,
          "private": "bnVsbA==",
          "dependencies": [
            "aws_autoscaling_group.Apptier-ASG",
            "aws_key_pair.P1_3tier_archi_keypair",
            "aws_launch_template.Apptier-launch-template",
            "aws_lb_target_group.apptier-alb-tg",
            "aws_security_group.apptier-alb-sg",
            "aws_security_group.apptier-sg",
            "aws_security_group.bastion-host-sg",
            "aws_security_group.webtier-alb-sg",
            "aws_security_group.webtier-sg",
            "aws_subnet.private_apptier_subnet",
            "aws_vpc.P1-3-tier-archi",
            "tls_private_key.P1_keypair"
          ]
        }
      ]
    },
    {
      "mode": "managed",
      "type": "aws_autoscaling_policy",
      "name": "webtier-autoscaling-policy-down",
      "provider": "provider[\"registry.terraform.io/hashicorp/aws\"]",
      "instances": [
        {
          "schema_version": 0,
          "attributes": {
            "adjustment_type": "ChangeInCapacity",
            "arn": "arn:aws:autoscaling:us-east-1:843756394080:scalingPolicy:860f91f3-aeb5-47df-95f0-f57386c95bc2:autoScalingGroupName/Web-tier-ASG:policyName/webtier-autoscaling-policy-down",
            "autoscaling_group_name": "Web-tier-ASG",
            "cooldown": 300,
            "enabled": true,
            "estimated_instance_warmup": 0,
            "id": "webtier-autoscaling-policy-down",
            "metric_aggregation_type": "",
            "min_adjustment_magnitude": 0,
            "name": "webtier-autoscaling-policy-down",
            "policy_type": "SimpleScaling",
            "predictive_scaling_configuration": [],
            "scaling_adjustment": -1,
            "step_adjustment": [],
            "target_tracking_configuration": []
          },
          "sensitive_attributes": [],
          "identity_schema_version": 0,
          "private": "bnVsbA==",
          "dependencies": [
            "aws_autoscaling_group.Webtier-ASG",
            "aws_key_pair.P1_3tier_archi_keypair",
            "aws_launch_template.Webtier-launch-template",
            "aws_lb_target_group.webtier-alb-tg",
            "aws_security_group.webtier-alb-sg",
            "aws_security_group.webtier-sg",
            "aws_subnet.public_webtier_subnet",
            "aws_vpc.P1-3-tier-archi",
            "tls_private_key.P1_keypair"
          ]
        }
      ]
    },
    {
      "mode": "managed",
      "type": "aws_autoscaling_policy",
      "name": "webtier-autoscaling-policy-up",
      "provider": "provider[\"registry.terraform.io/hashicorp/aws\"]",
      "instances": [
        {
          "schema_version": 0,
          "attributes": {
            "adjustment_type": "ChangeInCapacity",
            "arn": "arn:aws:autoscaling:us-east-1:843756394080:scalingPolicy:88025e69-bf95-499d-9c6c-270dcbefa0b7:autoScalingGroupName/Web-tier-ASG:policyName/webtier-autoscaling-policy-up",
            "autoscaling_group_name": "Web-tier-ASG",
            "cooldown": 300,
            "enabled": true,
            "estimated_instance_warmup": 0,
            "id": "webtier-autoscaling-policy-up",
            "metric_aggregation_type": "",
            "min_adjustment_magnitude": 0,
            "name": "webtier-autoscaling-policy-up",
            "policy_type": "SimpleScaling",
            "predictive_scaling_configuration": [],
            "scaling_adjustment": 1,
            "step_adjustment": [],
            "target_tracking_configuration": []
          },
          "sensitive_attributes": [],
          "identity_schema_version": 0,
          "private": "bnVsbA==",
          "dependencies": [
            "aws_autoscaling_group.Webtier-ASG",
            "aws_key_pair.P1_3tier_archi_keypair",
            "aws_launch_template.Webtier-launch-template",
            "aws_lb_target_group.webtier-alb-tg",
            "aws_security_group.webtier-alb-sg",
            "aws_security_group.webtier-sg",
            "aws_subnet.public_webtier_subnet",
            "aws_vpc.P1-3-tier-archi",
            "tls_private_key.P1_keypair"
          ]
        }
      ]
    },
    {
      "mode": "managed",
      "type": "aws_cloudwatch_metric_alarm",
      "name": "apptier-cpu-alarm-up",
      "provider": "provider[\"registry.terraform.io/hashicorp/aws\"]",
      "instances": [
        {
          "schema_version": 1,
          "attributes": {
            "actions_enabled": true,
            "alarm_actions": [
              "arn:aws:autoscaling:us-east-1:843756394080:scalingPolicy:41c32974-1a6d-4e35-8ce7-bd0fc7ad9ba9:autoScalingGroupName/App-tier-ASG:policyName/apptier-autoscaling-policy-up"
            ],
            "alarm_description": "",
            "alarm_name": "apptier-cpu-alarm-up",
            "arn": "arn:aws:cloudwatch:us-east-1:843756394080:alarm:apptier-cpu-alarm-up",
            "comparison_operator": "GreaterThanOrEqualToThreshold",
            "datapoints_to_alarm": 0,
            "dimensions": {
              "AutoScalingGroupName": "App-tier-ASG"
            },
            "evaluate_low_sample_count_percentiles": "",
            "evaluation_periods": 5,
            "extended_statistic": "",
            "id": "apptier-cpu-alarm-up",
            "insufficient_data_actions": null,
            "metric_name": "CPUUtilization",
            "metric_query": [],
            "namespace": "AWS/EC2",
            "ok_actions": null,
            "period": 60,
            "statistic": "Average",
            "tags": null,
            "tags_all": {},
            "threshold": 50,
            "threshold_metric_id": "",
            "treat_missing_data": "missing",
            "unit": ""
          },
          "sensitive_attributes": [],
          "identity_schema_version": 0,
          "private": "eyJzY2hlbWFfdmVyc2lvbiI6IjEifQ==",
          "dependencies": [
            "aws_autoscaling_group.Apptier-ASG",
            "aws_autoscaling_policy.apptier-autoscaling-policy-up",
            "aws_key_pair.P1_3tier_archi_keypair",
            "aws_launch_template.Apptier-launch-template",
            "aws_lb_target_group.apptier-alb-tg",
            "aws_security_group.apptier-alb-sg",
            "aws_security_group.apptier-sg",
            "aws_security_group.bastion-host-sg",
            "aws_security_group.webtier-alb-sg",
            "aws_security_group.webtier-sg",
            "aws_subnet.private_apptier_subnet",
            "aws_vpc.P1-3-tier-archi",
            "tls_private_key.P1_keypair"
          ]
        }
      ]
    },
    {
      "mode": "managed",
      "type": "aws_cloudwatch_metric_alarm",
      "name": "apptier_cpu_alarm_down",
      "provider": "provider[\"registry.terraform.io/hashicorp/aws\"]",
      "instances": [
        {
          "schema_version": 1,
          "attributes": {
            "actions_enabled": true,
            "alarm_actions": [
              "arn:aws:autoscaling:us-east-1:843756394080:scalingPolicy:d38c41bd-5748-4f56-908b-fa1ff5912d37:autoScalingGroupName/App-tier-ASG:policyName/apptier-autoscaling-policy-down"
            ],
            "alarm_description": "",
            "alarm_name": "apptier_cpu_alarm_down",
            "arn": "arn:aws:cloudwatch:us-east-1:843756394080:alarm:apptier_cpu_alarm_down",
            "comparison_operator": "LessThanOrEqualToThreshold",
            "datapoints_to_alarm": 0,
            "dimensions": {
              "AutoScalingGroupName": "App-tier-ASG"
            },
            "evaluate_low_sample_count_percentiles": "",
            "evaluation_periods": 5,
            "extended_statistic": "",
            "id": "apptier_cpu_alarm_down",
            "insufficient_data_actions": null,
            "metric_name": "CPUUtilization",
            "metric_query": [],
            "namespace": "AWS/EC2",
            "ok_actions": null,
            "period": 60,
            "statistic": "Average",
            "tags": null,
            "tags_all": {},
            "threshold": 20,
            "threshold_metric_id": "",
            "treat_missing_data": "missing",
            "unit": ""
          },
          "sensitive_attributes": [],
          "identity_schema_version": 0,
          "private": "eyJzY2hlbWFfdmVyc2lvbiI6IjEifQ==",
          "dependencies": [
            "aws_autoscaling_group.Apptier-ASG",
            "aws_autoscaling_policy.apptier-autoscaling-policy-down",
            "aws_key_pair.P1_3tier_archi_keypair",
            "aws_launch_template.Apptier-launch-template",
            "aws_lb_target_group.apptier-alb-tg",
            "aws_security_group.apptier-alb-sg",
            "aws_security_group.apptier-sg",
            "aws_security_group.bastion-host-sg",
            "aws_security_group.webtier-alb-sg",
            "aws_security_group.webtier-sg",
            "aws_subnet.private_apptier_subnet",
            "aws_vpc.P1-3-tier-archi",
            "tls_private_key.P1_keypair"
          ]
        }
      ]
    },
    {
      "mode": "managed",
      "type": "aws_cloudwatch_metric_alarm",
      "name": "webtier-cpu-alarm-up",
      "provider": "provider[\"registry.terraform.io/hashicorp/aws\"]",
      "instances": [
        {
          "schema_version": 1,
          "attributes": {
            "actions_enabled": true,
            "alarm_actions": [
              "arn:aws:autoscaling:us-east-1:843756394080:scalingPolicy:88025e69-bf95-499d-9c6c-270dcbefa0b7:autoScalingGroupName/Web-tier-ASG:policyName/webtier-autoscaling-policy-up"
            ],
            "alarm_description": "",
            "alarm_name": "webtier-cpu-alarm-up",
            "arn": "arn:aws:cloudwatch:us-east-1:843756394080:alarm:webtier-cpu-alarm-up",
            "comparison_operator": "GreaterThanOrEqualToThreshold",
            "datapoints_to_alarm": 0,
            "dimensions": {
              "AutoScalingGroupName": "Web-tier-ASG"
            },
            "evaluate_low_sample_count_percentiles": "",
            "evaluation_periods": 5,
            "extended_statistic": "",
            "id": "webtier-cpu-alarm-up",
            "insufficient_data_actions": null,
            "metric_name": "CPUUtilization",
            "metric_query": [],
            "namespace": "AWS/EC2",
            "ok_actions": null,
            "period": 60,
            "statistic": "Average",
            "tags": null,
            "tags_all": {},
            "threshold": 50,
            "threshold_metric_id": "",
            "treat_missing_data": "missing",
            "unit": ""
          },
          "sensitive_attributes": [],
          "identity_schema_version": 0,
          "private": "eyJzY2hlbWFfdmVyc2lvbiI6IjEifQ==",
          "dependencies": [
            "aws_autoscaling_group.Webtier-ASG",
            "aws_autoscaling_policy.webtier-autoscaling-policy-up",
            "aws_key_pair.P1_3tier_archi_keypair",
            "aws_launch_template.Webtier-launch-template",
            "aws_lb_target_group.webtier-alb-tg",
            "aws_security_group.webtier-alb-sg",
            "aws_security_group.webtier-sg",
            "aws_subnet.public_webtier_subnet",
            "aws_vpc.P1-3-tier-archi",
            "tls_private_key.P1_keypair"
          ]
        }
      ]
    },
    {
      "mode": "managed",
      "type": "aws_cloudwatch_metric_alarm",
      "name": "webtier_cpu_alarm_down",
      "provider": "provider[\"registry.terraform.io/hashicorp/aws\"]",
      "instances": [
        {
          "schema_version": 1,
          "attributes": {
            "actions_enabled": true,
            "alarm_actions": [
              "arn:aws:autoscaling:us-east-1:843756394080:scalingPolicy:860f91f3-aeb5-47df-95f0-f57386c95bc2:autoScalingGroupName/Web-tier-ASG:policyName/webtier-autoscaling-policy-down"
            ],
            "alarm_description": "",
            "alarm_name": "webtier_cpu_alarm_down",
            "arn": "arn:aws:cloudwatch:us-east-1:843756394080:alarm:webtier_cpu_alarm_down",
            "comparison_operator": "LessThanOrEqualToThreshold",
            "datapoints_to_alarm": 0,
            "dimensions": {
              "AutoScalingGroupName": "Web-tier-ASG"
            },
            "evaluate_low_sample_count_percentiles": "",
            "evaluation_periods": 5,
            "extended_statistic": "",
            "id": "webtier_cpu_alarm_down",
            "insufficient_data_actions": null,
            "metric_name": "CPUUtilization",
            "metric_query": [],
            "namespace": "AWS/EC2",
            "ok_actions": null,
            "period": 60,
            "statistic": "Average",
            "tags": null,
            "tags_all": {},
            "threshold": 20,
            "threshold_metric_id": "",
            "treat_missing_data": "missing",
            "unit": ""
          },
          "sensitive_attributes": [],
          "identity_schema_version": 0,
          "private": "eyJzY2hlbWFfdmVyc2lvbiI6IjEifQ==",
          "dependencies": [
            "aws_autoscaling_group.Webtier-ASG",
            "aws_autoscaling_policy.webtier-autoscaling-policy-down",
            "aws_key_pair.P1_3tier_archi_keypair",
            "aws_launch_template.Webtier-launch-template",
            "aws_lb_target_group.webtier-alb-tg",
            "aws_security_group.webtier-alb-sg",
            "aws_security_group.webtier-sg",
            "aws_subnet.public_webtier_subnet",
            "aws_vpc.P1-3-tier-archi",
            "tls_private_key.P1_keypair"
          ]
        }
      ]
    },
    {
      "mode": "managed",
      "type": "aws_db_subnet_group",
      "name": "database-subnet",
      "provider": "provider[\"registry.terraform.io/hashicorp/aws\"]",
      "instances": [
        {
          "schema_version": 0,
          "attributes": {
            "arn": "arn:aws:rds:us-east-1:843756394080:subgrp:database subnets",
            "description": "Managed by Terraform",
            "id": "database subnets",
            "name": "database subnets",
            "name_prefix": "",
            "subnet_ids": [
              "subnet-0a6c7fc56470d6f66",
              "subnet-0d9c0cf318f6433f8"
            ],
            "supported_network_types": [
              "IPV4"
            ],
            "tags": {
              "Name": "database-subnet"
            },
            "tags_all": {
              "Name": "database-subnet"
            }
          },
          "sensitive_attributes": [],
          "identity_schema_version": 0,
          "private": "bnVsbA==",
          "dependencies": [
            "aws_subnet.private_database_subnet",
            "aws_vpc.P1-3-tier-archi"
          ]
        }
      ]
    },
    {
      "mode": "managed",
      "type": "aws_eip",
      "name": "NAT-Gateway-EIP",
      "provider": "provider[\"registry.terraform.io/hashicorp/aws\"]",
      "instances": [
        {
          "schema_version": 0,
          "attributes": {
            "address": null,
            "allocation_id": "eipalloc-0297d49a3a0c34b43",
            "associate_with_private_ip": null,
            "association_id": "eipassoc-07ea07b5c7e5e90cc",
            "carrier_ip": "",
            "customer_owned_ip": "",
            "customer_owned_ipv4_pool": "",
            "domain": "vpc",
            "id": "eipalloc-0297d49a3a0c34b43",
            "instance": "",
            "network_border_group": "us-east-1",
            "network_interface": "eni-013370a086d99ba62",
            "private_dns": "ip-10-0-2-108.ec2.internal",
            "private_ip": "10.0.2.108",
            "public_dns": "ec2-98-87-206-134.compute-1.amazonaws.com",
            "public_ip": "98.87.206.134",
            "public_ipv4_pool": "amazon",
            "tags": {},
            "tags_all": {},
            "timeouts": null,
            "vpc": true
          },
          "sensitive_attributes": [],
          "identity_schema_version": 0,
          "private": "eyJlMmJmYjczMC1lY2FhLTExZTYtOGY4OC0zNDM2M2JjN2M0YzAiOnsiZGVsZXRlIjoxODAwMDAwMDAwMDAsInJlYWQiOjkwMDAwMDAwMDAwMCwidXBkYXRlIjozMDAwMDAwMDAwMDB9fQ==",
          "dependencies": [
            "aws_internet_gateway.P1_IG",
            "aws_route_table.public_RT",
            "aws_route_table_association.public_subnet_asso",
            "aws_subnet.public_webtier_subnet",
            "aws_vpc.P1-3-tier-archi"
          ]
        }
      ]
    },
    {
      "mode": "managed",
      "type": "aws_instance",
      "name": "bastion-host",
      "provider": "provider[\"registry.terraform.io/hashicorp/aws\"]",
      "instances": [
        {
          "schema_version": 1,
          "attributes": {
            "ami": "ami-0360c520857e3138f",
            "arn": "arn:aws:ec2:us-east-1:843756394080:instance/i-0a762015f82a332fe",
            "associate_public_ip_address": true,
            "availability_zone": "us-east-1a",
            "capacity_reservation_specification": [
              {
                "capacity_reservation_preference": "open",
                "capacity_reservation_target": []
              }
            ],
            "cpu_core_count": 1,
            "cpu_threads_per_core": 1,
            "credit_specification": [
              {
                "cpu_credits": "standard"
              }
            ],
            "disable_api_stop": false,
            "disable_api_termination": false,
            "ebs_block_device": [],
            "ebs_optimized": false,
            "enclave_options": [
              {
                "enabled": false
              }
            ],
            "ephemeral_block_device": [],
            "get_password_data": false,
            "hibernation": false,
            "host_id": "",
            "host_resource_group_arn": null,
            "iam_instance_profile": "",
            "id": "i-0a762015f82a332fe",
            "instance_initiated_shutdown_behavior": "stop",
            "instance_state": "running",
            "instance_type": "t2.micro",
            "ipv6_address_count": 0,
            "ipv6_addresses": [],
            "key_name": "P1 4tier archi keypair",
            "launch_template": [],
            "maintenance_options": [
              {
                "auto_recovery": "default"
              }
            ],
            "metadata_options": [
              {
                "http_endpoint": "enabled",
                "http_put_response_hop_limit": 2,
                "http_tokens": "required",
                "instance_metadata_tags": "disabled"
              }
            ],
            "monitoring": false,
            "network_interface": [],
            "outpost_arn": "",
            "password_data": "",
            "placement_group": "",
            "placement_partition_number": 0,
            "primary_network_interface_id": "eni-0ef50f0234c028d9b",
            "private_dns": "ip-10-0-1-36.ec2.internal",
            "private_dns_name_options": [
              {
                "enable_resource_name_dns_a_record": false,
                "enable_resource_name_dns_aaaa_record": false,
                "hostname_type": "ip-name"
              }
            ],
            "private_ip": "10.0.1.36",
            "public_dns": "ec2-54-242-85-44.compute-1.amazonaws.com",
            "public_ip": "54.242.85.44",
            "root_block_device": [
              {
                "delete_on_termination": true,
                "device_name": "/dev/sda1",
                "encrypted": false,
                "iops": 3000,
                "kms_key_id": "",
                "tags": {},
                "throughput": 125,
                "volume_id": "vol-08822be9f9cca2be5",
                "volume_size": 8,
                "volume_type": "gp3"
              }
            ],
            "secondary_private_ips": [],
            "security_groups": [
              "sg-0d2317503b826dbb9"
            ],
            "source_dest_check": true,
            "subnet_id": "subnet-051d96d900f947f84",
            "tags": {
              "Name": "Bastion Host"
            },
            "tags_all": {
              "Name": "Bastion Host"
            },
            "tenancy": "default",
            "timeouts": null,
            "user_data": null,
            "user_data_base64": null,
            "user_data_replace_on_change": false,
            "volume_tags": null,
            "vpc_security_group_ids": [
              "sg-0d2317503b826dbb9"
            ]
          },
          "sensitive_attributes": [],
          "identity_schema_version": 0,
          "private": "eyJlMmJmYjczMC1lY2FhLTExZTYtOGY4OC0zNDM2M2JjN2M0YzAiOnsiY3JlYXRlIjo2MDAwMDAwMDAwMDAsImRlbGV0ZSI6MTIwMDAwMDAwMDAwMCwidXBkYXRlIjo2MDAwMDAwMDAwMDB9LCJzY2hlbWFfdmVyc2lvbiI6IjEifQ==",
          "dependencies": [
            "aws_key_pair.P1_3tier_archi_keypair",
            "aws_security_group.bastion-host-sg",
            "aws_subnet.public_webtier_subnet",
            "aws_vpc.P1-3-tier-archi",
            "tls_private_key.P1_keypair"
          ]
        }
      ]
    },
    {
      "mode": "managed",
      "type": "aws_internet_gateway",
      "name": "P1_IG",
      "provider": "provider[\"registry.terraform.io/hashicorp/aws\"]",
      "instances": [
        {
          "schema_version": 0,
          "attributes": {
            "arn": "arn:aws:ec2:us-east-1:843756394080:internet-gateway/igw-09de0d69dfddcc13c",
            "id": "igw-09de0d69dfddcc13c",
            "owner_id": "843756394080",
            "tags": {
              "Name": "P1_internet_gateway"
            },
            "tags_all": {
              "Name": "P1_internet_gateway"
            },
            "timeouts": null,
            "vpc_id": "vpc-0f2c43e99c6289ba4"
          },
          "sensitive_attributes": [],
          "identity_schema_version": 0,
          "private": "eyJlMmJmYjczMC1lY2FhLTExZTYtOGY4OC0zNDM2M2JjN2M0YzAiOnsiY3JlYXRlIjoxMjAwMDAwMDAwMDAwLCJkZWxldGUiOjEyMDAwMDAwMDAwMDAsInVwZGF0ZSI6MTIwMDAwMDAwMDAwMH19",
          "dependencies": [
            "aws_vpc.P1-3-tier-archi"
          ]
        }
      ]
    },
    {
      "mode": "managed",
      "type": "aws_key_pair",
      "name": "P1_3tier_archi_keypair",
      "provider": "provider[\"registry.terraform.io/hashicorp/aws\"]",
      "instances": [
        {
          "schema_version": 1,
          "attributes": {
            "arn": "arn:aws:ec2:us-east-1:843756394080:key-pair/P1 4tier archi keypair",
            "fingerprint": "78:26:53:d0:d2:e1:9d:21:6e:c4:5f:77:28:26:d8:ce",
            "id": "P1 4tier archi keypair",
            "key_name": "P1 4tier archi keypair",
            "key_name_prefix": "",
            "key_pair_id": "key-069d873d95d7b119f",
            "key_type": "rsa",
            "public_key": "ssh-rsa AAAAB3NzaC1yc2EAAAADAQABAAACAQCWEFW6W8U2yihNmlaOIPOwCrRC77iD3j33ozIgOOzcfuTPbiWHEdE59plWeu7JieRMLlg3RpUtT9bDVqRVuBz0SE+RWYJxzYE8CP90HJIwuxeI3hEwhMnWdr+qlS2SNeDnuHqgeO92toK/CeZZhbHMhSxUhnZ/XiBdhzTziqpv9nqOeCTWjSCDCBFr1OlyMBiFzwyf6ca0EZyaCPO25mpOevfJX6OLTeVoz18eLXxaH5k83ElBQ528gJddBOg+rU3Iw4obT7Rq4RDLg3o2XIRBQfdoUdlkFCz6yQkgnVuPTGvFMTdrayYC446JnkzdwE1DaZ893YExShbz1wxq+m1nevaAVO5h+reBATJzQ++AnUJlyd+KW9rcudC63cX7ssBjw13cYzIIzgScZsBgtkMcgRZ1bALqcHRSkoKQrLsunNAUiQBT5vffiUdxfzPlTXeXU5EQ/0Txfwse7PARabugaKM22abh7XzVfbxfHxCZyZwug8gPQVUkhbAv5ofaOptIgCj0YQblQuFTErEu+WMCVhvi5487HkKJOsFqy27t1knByV9U+uvLovCjcZPRHJnwC4tcMA5MY6Ryia7wAOpqaCUWyMclK1fzbo35gYsTsJQm+tGTtt9lKtNlJZ9BQmTE4oZMiKmyuhHtu9jEMqM9Dszw+DmMIt1L5LwkIbOxYw==",
            "tags": null,
            "tags_all": {}
          },
          "sensitive_attributes": [],
          "identity_schema_version": 0,
          "private": "eyJzY2hlbWFfdmVyc2lvbiI6IjEifQ==",
          "dependencies": [
            "tls_private_key.P1_keypair"
          ],
          "create_before_destroy": true
        }
      ]
    },
    {
      "mode": "managed",
      "type": "aws_launch_template",
      "name": "Apptier-launch-template",
      "provider": "provider[\"registry.terraform.io/hashicorp/aws\"]",
      "instances": [
        {
          "schema_version": 0,
          "attributes": {
            "arn": "arn:aws:ec2:us-east-1:843756394080:launch-template/lt-07980f02dd9bbadd1",
            "block_device_mappings": [],
            "capacity_reservation_specification": [],
            "cpu_options": [],
            "credit_specification": [],
            "default_version": 1,
            "description": "Launch Template for App Tier",
            "disable_api_stop": false,
            "disable_api_termination": false,
            "ebs_optimized": "",
            "elastic_gpu_specifications": [],
            "elastic_inference_accelerator": [],
            "enclave_options": [],
            "hibernation_options": [],
            "iam_instance_profile": [],
            "id": "lt-07980f02dd9bbadd1",
            "image_id": "ami-0360c520857e3138f",
            "instance_initiated_shutdown_behavior": "",
            "instance_market_options": [],
            "instance_requirements": [],
            "instance_type": "t2.micro",
            "kernel_id": "",
            "key_name": "P1 4tier archi keypair",
            "latest_version": 1,
            "license_specification": [],
            "maintenance_options": [],
            "metadata_options": [],
            "monitoring": [
              {
                "enabled": true
              }
            ],
            "name": "Apptier-launch-template",
            "name_prefix": "",
            "network_interfaces": [],
            "placement": [],
            "private_dns_name_options": [],
            "ram_disk_id": "",
            "security_group_names": null,
            "tag_specifications": [
              {
                "resource_type": "instance",
                "tags": {
                  "Name": "Apptier template"
                }
              }
            ],
            "tags": null,
            "tags_all": {},
            "update_default_version": null,
            "user_data": "IyEvYmluL2Jhc2gKCiNDaGFuZ2UgdG8gcm9vdCB1c2VyCnN1ZG8gc3UKCiNVcGRhdGUgYWxsIHBhY2thZ2UgcmVwb3NpdG9yaWVzCmRuZiB1cGRhdGUgLXkKCiNJbnN0YWxsIG1hcmlhZGIgb24gaW5zdGFuY2UKZG5mIGluc3RhbGwgbWFyaWFkYjEwNS1zZXJ2ZXIgLXkKCiNJbnN0YWxsIGFwYWNoZSBmb3IgQUxCIGxpc3RlbmVyCmRuZiBpbnN0YWxsIC15IGh0dHBkCnN5c3RlbWN0bCBzdGFydCBodHRwZApzeXN0ZW1jdGwgZW5hYmxlIGh0dHBkCnRvdWNoIC92YXIvd3d3L2h0bWwvaW5kZXguaHRtbAoK",
            "vpc_security_group_ids": [
              "sg-05da4a657d3e4bb02"
            ]
          },
          "sensitive_attributes": [],
          "identity_schema_version": 0,
          "private": "bnVsbA==",
          "dependencies": [
            "aws_key_pair.P1_3tier_archi_keypair",
            "aws_security_group.apptier-alb-sg",
            "aws_security_group.apptier-sg",
            "aws_security_group.bastion-host-sg",
            "aws_security_group.webtier-alb-sg",
            "aws_security_group.webtier-sg",
            "aws_vpc.P1-3-tier-archi",
            "tls_private_key.P1_keypair"
          ],
          "create_before_destroy": true
        }
      ]
    },
    {
      "mode": "managed",
      "type": "aws_launch_template",
      "name": "Webtier-launch-template",
      "provider": "provider[\"registry.terraform.io/hashicorp/aws\"]",
      "instances": [
        {
          "schema_version": 0,
          "attributes": {
            "arn": "arn:aws:ec2:us-east-1:843756394080:launch-template/lt-0f039a39c11b5c87d",
            "block_device_mappings": [],
            "capacity_reservation_specification": [],
            "cpu_options": [],
            "credit_specification": [],
            "default_version": 1,
            "description": "Launch Template for Web Tier",
            "disable_api_stop": false,
            "disable_api_termination": false,
            "ebs_optimized": "",
            "elastic_gpu_specifications": [],
            "elastic_inference_accelerator": [],
            "enclave_options": [],
            "hibernation_options": [],
            "iam_instance_profile": [],
            "id": "lt-0f039a39c11b5c87d",
            "image_id": "ami-0360c520857e3138f",
            "instance_initiated_shutdown_behavior": "",
            "instance_market_options": [],
            "instance_requirements": [],
            "instance_type": "t2.micro",
            "kernel_id": "",
            "key_name": "P1 4tier archi keypair",
            "latest_version": 1,
            "license_specification": [],
            "maintenance_options": [],
            "metadata_options": [
              {
                "http_endpoint": "enabled",
                "http_protocol_ipv6": "disabled",
                "http_put_response_hop_limit": 0,
                "http_tokens": "",
                "instance_metadata_tags": "disabled"
              }
            ],
            "monitoring": [
              {
                "enabled": true
              }
            ],
            "name": "Webtier-launch-template",
            "name_prefix": "",
            "network_interfaces": [
              {
                "associate_carrier_ip_address": "",
                "associate_public_ip_address": "true",
                "delete_on_termination": "",
                "description": "",
                "device_index": 0,
                "interface_type": "",
                "ipv4_address_count": 0,
                "ipv4_addresses": null,
                "ipv4_prefix_count": 0,
                "ipv4_prefixes": null,
                "ipv6_address_count": 0,
                "ipv6_addresses": null,
                "ipv6_prefix_count": 0,
                "ipv6_prefixes": null,
                "network_card_index": 0,
                "network_interface_id": "",
                "private_ip_address": "",
                "security_groups": [
                  "sg-0727d75ce7f7a0f6f"
                ],
                "subnet_id": ""
              }
            ],
            "placement": [],
            "private_dns_name_options": [],
            "ram_disk_id": "",
            "security_group_names": null,
            "tag_specifications": [
              {
                "resource_type": "instance",
                "tags": {
                  "Name": "Webtier template"
                }
              }
            ],
            "tags": null,
            "tags_all": {},
            "update_default_version": null,
            "user_data": "IyEvYmluL2Jhc2gKCiNDaGFuZ2UgdG8gcm9vdCB1c2VyCnN1ZG8gc3UKCiNVcGRhdGUgYWxsIHBhY2thZ2UgcmVwb3NpdG9yaWVzCmRuZiB1cGRhdGUgLXkKCiNJbnN0YWxsIEFwYWNoZSB3ZWIgc2VydmVyCmRuZiBpbnN0YWxsIC15IGh0dHBkCgojSW5zdGFsbCBzdHJlc3MgdG8gdGVzdCBFQzIgSW5zdGFuY2UgdW5kZXIgc3RyZXNzIHdvcmsgbG9hZApkbmYgaW5zdGFsbCBzdHJlc3MgLXkKCiNTdGFydCBhbmQgRW5hYmxlIEFwYWNoZSB3ZWIgc2VydmVyCnN5c3RlbWN0bCBzdGFydCBodHRwZApzeXN0ZW1jdGwgZW5hYmxlIGh0dHBkCgojUmV0cml2ZSBFQzIgaW5zdGFuY2UgcHVibGljIGlwdjQgbWV0YWRhdGEKcHVibGljaXB2ND0kKFRPS0VOPWBjdXJsIC1YIFBVVCAiaHR0cDovLzE2OS4yNTQuMTY5LjI1NC9sYXRlc3QvYXBpL3Rva2VuIiAtSCAiWC1hd3MtZWMyLW1ldGFkYXRhLXRva2VuLXR0bC1zZWNvbmRzOiAyMTYwMCJgIFwKJiYgY3VybCAtSCAiWC1hd3MtZWMyLW1ldGFkYXRhLXRva2VuOiAkVE9LRU4iIC12IGh0dHA6Ly8xNjkuMjU0LjE2OS4yNTQvbGF0ZXN0L21ldGEtZGF0YS9wdWJsaWMtaXB2NCkKCiMgSW5jbHVkZSBhIHNpbXBsZSB3ZWJwYWdlIHRvIHNob3cgdGhlIElQIGFkZHJlc3Mgb2YgdGhlIGluc3RhbmNlCmVjaG8gIjxodG1sPjxoZWFkPjxzdHlsZT5oMSB7dGV4dC1hbGlnbjogY2VudGVyO31oMiB7dGV4dC1hbGlnbjogY2VudGVyO308L3N0eWxlPjwvaGVhZD48Ym9keT48aDE+V2VsY29tZSB0byBteSBXZWIgU2VydmVyISA8L2gxPjxoMj5JUCBhZGRyZXNzOiAkcHVibGljaXB2NDwvaDI+PC9ib2R5PjwvaHRtbD4iID4gL3Zhci93d3cvaHRtbC9pbmRleC5odG1sCg==",
            "vpc_security_group_ids": null
          },
          "sensitive_attributes": [],
          "identity_schema_version": 0,
          "private": "bnVsbA==",
          "dependencies": [
            "aws_key_pair.P1_3tier_archi_keypair",
            "aws_security_group.webtier-alb-sg",
            "aws_security_group.webtier-sg",
            "aws_vpc.P1-3-tier-archi",
            "tls_private_key.P1_keypair"
          ],
          "create_before_destroy": true
        }
      ]
    },
    {
      "mode": "managed",
      "type": "aws_lb",
      "name": "apptier-alb",
      "provider": "provider[\"registry.terraform.io/hashicorp/aws\"]",
      "instances": [
        {
          "schema_version": 0,
          "attributes": {
            "access_logs": [
              {
                "bucket": "",
                "enabled": false,
                "prefix": ""
              }
            ],
            "arn": "arn:aws:elasticloadbalancing:us-east-1:843756394080:loadbalancer/app/Apptier-LB/ad66e81d802ff8f6",
            "arn_suffix": "app/Apptier-LB/ad66e81d802ff8f6",
            "customer_owned_ipv4_pool": "",
            "desync_mitigation_mode": "defensive",
            "dns_name": "internal-Apptier-LB-1391294505.us-east-1.elb.amazonaws.com",
            "drop_invalid_header_fields": false,
            "enable_cross_zone_load_balancing": true,
            "enable_deletion_protection": false,
            "enable_http2": true,
            "enable_tls_version_and_cipher_suite_headers": false,
            "enable_waf_fail_open": false,
            "enable_xff_client_port": false,
            "id": "arn:aws:elasticloadbalancing:us-east-1:843756394080:loadbalancer/app/Apptier-LB/ad66e81d802ff8f6",
            "idle_timeout": 60,
            "internal": true,
            "ip_address_type": "ipv4",
            "load_balancer_type": "application",
            "name": "Apptier-LB",
            "name_prefix": null,
            "preserve_host_header": false,
            "security_groups": [
              "sg-07d9e78021a131858"
            ],
            "subnet_mapping": [
              {
                "allocation_id": "",
                "ipv6_address": "",
                "outpost_id": "",
                "private_ipv4_address": "",
                "subnet_id": "subnet-0226f89cccd1ed731"
              },
              {
                "allocation_id": "",
                "ipv6_address": "",
                "outpost_id": "",
                "private_ipv4_address": "",
                "subnet_id": "subnet-05727c2d83188788e"
              }
            ],
            "subnets": [
              "subnet-0226f89cccd1ed731",
              "subnet-05727c2d83188788e"
            ],
            "tags": {},
            "tags_all": {},
            "timeouts": null,
            "vpc_id": "vpc-0f2c43e99c6289ba4",
            "xff_header_processing_mode": "append",
            "zone_id": "Z35SXDOTRQ7X7K"
          },
          "sensitive_attributes": [],
          "identity_schema_version": 0,
          "private": "eyJlMmJmYjczMC1lY2FhLTExZTYtOGY4OC0zNDM2M2JjN2M0YzAiOnsiY3JlYXRlIjo2MDAwMDAwMDAwMDAsImRlbGV0ZSI6NjAwMDAwMDAwMDAwLCJ1cGRhdGUiOjYwMDAwMDAwMDAwMH19",
          "dependencies": [
            "aws_security_group.apptier-alb-sg",
            "aws_security_group.webtier-alb-sg",
            "aws_security_group.webtier-sg",
            "aws_subnet.private_apptier_subnet",
            "aws_vpc.P1-3-tier-archi"
          ]
        }
      ]
    },
    {
      "mode": "managed",
      "type": "aws_lb",
      "name": "webtier-alb",
      "provider": "provider[\"registry.terraform.io/hashicorp/aws\"]",
      "instances": [
        {
          "schema_version": 0,
          "attributes": {
            "access_logs": [
              {
                "bucket": "",
                "enabled": false,
                "prefix": ""
              }
            ],
            "arn": "arn:aws:elasticloadbalancing:us-east-1:843756394080:loadbalancer/app/Webtier-LB/5c0ae0ea542d93f8",
            "arn_suffix": "app/Webtier-LB/5c0ae0ea542d93f8",
            "customer_owned_ipv4_pool": "",
            "desync_mitigation_mode": "defensive",
            "dns_name": "Webtier-LB-1226064909.us-east-1.elb.amazonaws.com",
            "drop_invalid_header_fields": false,
            "enable_cross_zone_load_balancing": true,
            "enable_deletion_protection": false,
            "enable_http2": true,
            "enable_tls_version_and_cipher_suite_headers": false,
            "enable_waf_fail_open": false,
            "enable_xff_client_port": false,
            "id": "arn:aws:elasticloadbalancing:us-east-1:843756394080:loadbalancer/app/Webtier-LB/5c0ae0ea542d93f8",
            "idle_timeout": 60,
            "internal": false,
            "ip_address_type": "ipv4",
            "load_balancer_type": "application",
            "name": "Webtier-LB",
            "name_prefix": null,
            "preserve_host_header": false,
            "security_groups": [
              "sg-028516da4739284cc"
            ],
            "subnet_mapping": [
              {
                "allocation_id": "",
                "ipv6_address": "",
                "outpost_id": "",
                "private_ipv4_address": "",
                "subnet_id": "subnet-051d96d900f947f84"
              },
              {
                "allocation_id": "",
                "ipv6_address": "",
                "outpost_id": "",
                "private_ipv4_address": "",
                "subnet_id": "subnet-060ae2d7d505d8b7a"
              }
            ],
            "subnets": [
              "subnet-051d96d900f947f84",
              "subnet-060ae2d7d505d8b7a"
            ],
            "tags": {},
            "tags_all": {},
            "timeouts": null,
            "vpc_id": "vpc-0f2c43e99c6289ba4",
            "xff_header_processing_mode": "append",
            "zone_id": "Z35SXDOTRQ7X7K"
          },
          "sensitive_attributes": [],
          "identity_schema_version": 0,
          "private": "eyJlMmJmYjczMC1lY2FhLTExZTYtOGY4OC0zNDM2M2JjN2M0YzAiOnsiY3JlYXRlIjo2MDAwMDAwMDAwMDAsImRlbGV0ZSI6NjAwMDAwMDAwMDAwLCJ1cGRhdGUiOjYwMDAwMDAwMDAwMH19",
          "dependencies": [
            "aws_security_group.webtier-alb-sg",
            "aws_subnet.public_webtier_subnet",
            "aws_vpc.P1-3-tier-archi"
          ]
        }
      ]
    },
    {
      "mode": "managed",
      "type": "aws_lb_listener",
      "name": "apptier-alb",
      "provider": "provider[\"registry.terraform.io/hashicorp/aws\"]",
      "instances": [
        {
          "schema_version": 0,
          "attributes": {
            "alpn_policy": null,
            "arn": "arn:aws:elasticloadbalancing:us-east-1:843756394080:listener/app/Apptier-LB/ad66e81d802ff8f6/dd74d00cde14039c",
            "certificate_arn": null,
            "default_action": [
              {
                "authenticate_cognito": [],
                "authenticate_oidc": [],
                "fixed_response": [],
                "forward": [],
                "order": 1,
                "redirect": [],
                "target_group_arn": "arn:aws:elasticloadbalancing:us-east-1:843756394080:targetgroup/Apptier-ALB-TG/96617d2a01d58a13",
                "type": "forward"
              }
            ],
            "id": "arn:aws:elasticloadbalancing:us-east-1:843756394080:listener/app/Apptier-LB/ad66e81d802ff8f6/dd74d00cde14039c",
            "load_balancer_arn": "arn:aws:elasticloadbalancing:us-east-1:843756394080:loadbalancer/app/Apptier-LB/ad66e81d802ff8f6",
            "port": 80,
            "protocol": "HTTP",
            "ssl_policy": "",
            "tags": {},
            "tags_all": {},
            "timeouts": null
          },
          "sensitive_attributes": [],
          "identity_schema_version": 0,
          "private": "eyJlMmJmYjczMC1lY2FhLTExZTYtOGY4OC0zNDM2M2JjN2M0YzAiOnsicmVhZCI6NjAwMDAwMDAwMDAwfX0=",
          "dependencies": [
            "aws_lb.apptier-alb",
            "aws_lb_target_group.apptier-alb-tg",
            "aws_security_group.apptier-alb-sg",
            "aws_security_group.webtier-alb-sg",
            "aws_security_group.webtier-sg",
            "aws_subnet.private_apptier_subnet",
            "aws_vpc.P1-3-tier-archi"
          ]
        }
      ]
    },
    {
      "mode": "managed",
      "type": "aws_lb_listener",
      "name": "webtier-alb",
      "provider": "provider[\"registry.terraform.io/hashicorp/aws\"]",
      "instances": [
        {
          "schema_version": 0,
          "attributes": {
            "alpn_policy": null,
            "arn": "arn:aws:elasticloadbalancing:us-east-1:843756394080:listener/app/Webtier-LB/5c0ae0ea542d93f8/65c6862af2b296dd",
            "certificate_arn": null,
            "default_action": [
              {
                "authenticate_cognito": [],
                "authenticate_oidc": [],
                "fixed_response": [],
                "forward": [],
                "order": 1,
                "redirect": [],
                "target_group_arn": "arn:aws:elasticloadbalancing:us-east-1:843756394080:targetgroup/Webtier-ALB-TG/a8d5e419ee1280fe",
                "type": "forward"
              }
            ],
            "id": "arn:aws:elasticloadbalancing:us-east-1:843756394080:listener/app/Webtier-LB/5c0ae0ea542d93f8/65c6862af2b296dd",
            "load_balancer_arn": "arn:aws:elasticloadbalancing:us-east-1:843756394080:loadbalancer/app/Webtier-LB/5c0ae0ea542d93f8",
            "port": 80,
            "protocol": "HTTP",
            "ssl_policy": "",
            "tags": {},
            "tags_all": {},
            "timeouts": null
          },
          "sensitive_attributes": [],
          "identity_schema_version": 0,
          "private": "eyJlMmJmYjczMC1lY2FhLTExZTYtOGY4OC0zNDM2M2JjN2M0YzAiOnsicmVhZCI6NjAwMDAwMDAwMDAwfX0=",
          "dependencies": [
            "aws_lb.webtier-alb",
            "aws_lb_target_group.webtier-alb-tg",
            "aws_security_group.webtier-alb-sg",
            "aws_subnet.public_webtier_subnet",
            "aws_vpc.P1-3-tier-archi"
          ]
        }
      ]
    },
    {
      "mode": "managed",
      "type": "aws_lb_target_group",
      "name": "apptier-alb-tg",
      "provider": "provider[\"registry.terraform.io/hashicorp/aws\"]",
      "instances": [
        {
          "schema_version": 0,
          "attributes": {
            "arn": "arn:aws:elasticloadbalancing:us-east-1:843756394080:targetgroup/Apptier-ALB-TG/96617d2a01d58a13",
            "arn_suffix": "targetgroup/Apptier-ALB-TG/96617d2a01d58a13",
            "connection_termination": false,
            "deregistration_delay": "300",
            "health_check": [
              {
                "enabled": true,
                "healthy_threshold": 5,
                "interval": 30,
                "matcher": "200",
                "path": "/",
                "port": "traffic-port",
                "protocol": "HTTP",
                "timeout": 5,
                "unhealthy_threshold": 2
              }
            ],
            "id": "arn:aws:elasticloadbalancing:us-east-1:843756394080:targetgroup/Apptier-ALB-TG/96617d2a01d58a13",
            "ip_address_type": "ipv4",
            "lambda_multi_value_headers_enabled": false,
            "load_balancing_algorithm_type": "round_robin",
            "load_balancing_cross_zone_enabled": "use_load_balancer_configuration",
            "name": "Apptier-ALB-TG",
            "name_prefix": null,
            "port": 80,
            "preserve_client_ip": null,
            "protocol": "HTTP",
            "protocol_version": "HTTP1",
            "proxy_protocol_v2": false,
            "slow_start": 0,
            "stickiness": [
              {
                "cookie_duration": 86400,
                "cookie_name": "",
                "enabled": false,
                "type": "lb_cookie"
              }
            ],
            "tags": {},
            "tags_all": {},
            "target_failover": [
              {
                "on_deregistration": null,
                "on_unhealthy": null
              }
            ],
            "target_type": "instance",
            "vpc_id": "vpc-0f2c43e99c6289ba4"
          },
          "sensitive_attributes": [],
          "identity_schema_version": 0,
          "private": "bnVsbA==",
          "dependencies": [
            "aws_vpc.P1-3-tier-archi"
          ],
          "create_before_destroy": true
        }
      ]
    },
    {
      "mode": "managed",
      "type": "aws_lb_target_group",
      "name": "webtier-alb-tg",
      "provider": "provider[\"registry.terraform.io/hashicorp/aws\"]",
      "instances": [
        {
          "schema_version": 0,
          "attributes": {
            "arn": "arn:aws:elasticloadbalancing:us-east-1:843756394080:targetgroup/Webtier-ALB-TG/a8d5e419ee1280fe",
            "arn_suffix": "targetgroup/Webtier-ALB-TG/a8d5e419ee1280fe",
            "connection_termination": false,
            "deregistration_delay": "300",
            "health_check": [
              {
                "enabled": true,
                "healthy_threshold": 5,
                "interval": 30,
                "matcher": "200",
                "path": "/",
                "port": "traffic-port",
                "protocol": "HTTP",
                "timeout": 5,
                "unhealthy_threshold": 2
              }
            ],
            "id": "arn:aws:elasticloadbalancing:us-east-1:843756394080:targetgroup/Webtier-ALB-TG/a8d5e419ee1280fe",
            "ip_address_type": "ipv4",
            "lambda_multi_value_headers_enabled": false,
            "load_balancing_algorithm_type": "round_robin",
            "load_balancing_cross_zone_enabled": "use_load_balancer_configuration",
            "name": "Webtier-ALB-TG",
            "name_prefix": null,
            "port": 80,
            "preserve_client_ip": null,
            "protocol": "HTTP",
            "protocol_version": "HTTP1",
            "proxy_protocol_v2": false,
            "slow_start": 0,
            "stickiness": [
              {
                "cookie_duration": 86400,
                "cookie_name": "",
                "enabled": false,
                "type": "lb_cookie"
              }
            ],
            "tags": {},
            "tags_all": {},
            "target_failover": [
              {
                "on_deregistration": null,
                "on_unhealthy": null
              }
            ],
            "target_type": "instance",
            "vpc_id": "vpc-0f2c43e99c6289ba4"
          },
          "sensitive_attributes": [],
          "identity_schema_version": 0,
          "private": "bnVsbA==",
          "dependencies": [
            "aws_vpc.P1-3-tier-archi"
          ],
          "create_before_destroy": true
        }
      ]
    },
    {
      "mode": "managed",
      "type": "aws_nat_gateway",
      "name": "Private_NAT_GW",
      "provider": "provider[\"registry.terraform.io/hashicorp/aws\"]",
      "instances": [
        {
          "schema_version": 0,
          "attributes": {
            "allocation_id": "eipalloc-0297d49a3a0c34b43",
            "connectivity_type": "public",
            "id": "nat-0fc096226f933aa3f",
            "network_interface_id": "eni-013370a086d99ba62",
            "private_ip": "10.0.2.108",
            "public_ip": "98.87.206.134",
            "subnet_id": "subnet-060ae2d7d505d8b7a",
            "tags": {
              "Name": "P1_NAT_Gateway"
            },
            "tags_all": {
              "Name": "P1_NAT_Gateway"
            }
          },
          "sensitive_attributes": [],
          "identity_schema_version": 0,
          "private": "bnVsbA==",
          "dependencies": [
            "aws_eip.NAT-Gateway-EIP",
            "aws_internet_gateway.P1_IG",
            "aws_route_table.public_RT",
            "aws_route_table_association.public_subnet_asso",
            "aws_subnet.public_webtier_subnet",
            "aws_vpc.P1-3-tier-archi"
          ]
        }
      ]
    },
    {
      "mode": "managed",
      "type": "aws_rds_cluster",
      "name": "database-tier",
      "provider": "provider[\"registry.terraform.io/hashicorp/aws\"]",
      "instances": [
        {
          "schema_version": 0,
          "attributes": {
            "allocated_storage": 1,
            "allow_major_version_upgrade": null,
            "apply_immediately": null,
            "arn": "arn:aws:rds:us-east-1:843756394080:cluster:database",
            "availability_zones": [
              "us-east-1a",
              "us-east-1b"
            ],
            "backtrack_window": 0,
            "backup_retention_period": 1,
            "cluster_identifier": "database",
            "cluster_identifier_prefix": null,
            "cluster_members": [],
            "cluster_resource_id": "cluster-DPUDHFHN7CDYCSFQOPXZPF2E64",
            "copy_tags_to_snapshot": false,
            "database_name": null,
            "db_cluster_instance_class": "",
            "db_cluster_parameter_group_name": "default.aurora-mysql8.0",
            "db_instance_parameter_group_name": null,
            "db_subnet_group_name": "database subnets",
            "deletion_protection": false,
            "enable_global_write_forwarding": false,
            "enable_http_endpoint": false,
            "enabled_cloudwatch_logs_exports": null,
            "endpoint": "database.cluster-cox2eq48y844.us-east-1.rds.amazonaws.com",
            "engine": "aurora-mysql",
            "engine_mode": "provisioned",
            "engine_version": "8.0.mysql_aurora.3.08.2",
            "engine_version_actual": "8.0.mysql_aurora.3.08.2",
            "final_snapshot_identifier": null,
            "global_cluster_identifier": "",
            "hosted_zone_id": "Z2R2ITUGPM61AM",
            "iam_database_authentication_enabled": false,
            "iam_roles": [],
            "id": "database",
            "iops": 0,
            "kms_key_id": "",
            "manage_master_user_password": null,
            "master_password": "Chioma145",
            "master_user_secret": [],
            "master_user_secret_kms_key_id": null,
            "master_username": "DB12345",
            "network_type": "IPV4",
            "port": 3306,
            "preferred_backup_window": "07:43-08:13",
            "preferred_maintenance_window": "fri:06:04-fri:06:34",
            "reader_endpoint": "database.cluster-ro-cox2eq48y844.us-east-1.rds.amazonaws.com",
            "replication_source_identifier": "",
            "restore_to_point_in_time": [],
            "s3_import": [],
            "scaling_configuration": [],
            "serverlessv2_scaling_configuration": [],
            "skip_final_snapshot": true,
            "snapshot_identifier": null,
            "source_region": null,
            "storage_encrypted": false,
            "storage_type": "",
            "tags": null,
            "tags_all": {},
            "timeouts": null,
            "vpc_security_group_ids": [
              "sg-01352b9307d98c0c9"
            ]
          },
          "sensitive_attributes": [
            [
              {
                "type": "get_attr",
                "value": "master_password"
              }
            ],
            [
              {
                "type": "get_attr",
                "value": "master_username"
              }
            ]
          ],
          "identity_schema_version": 0,
          "private": "eyJlMmJmYjczMC1lY2FhLTExZTYtOGY4OC0zNDM2M2JjN2M0YzAiOnsiY3JlYXRlIjo3MjAwMDAwMDAwMDAwLCJkZWxldGUiOjcyMDAwMDAwMDAwMDAsInVwZGF0ZSI6NzIwMDAwMDAwMDAwMH19",
          "dependencies": [
            "aws_db_subnet_group.database-subnet",
            "aws_security_group.apptier-alb-sg",
            "aws_security_group.apptier-sg",
            "aws_security_group.bastion-host-sg",
            "aws_security_group.database-sg",
            "aws_security_group.webtier-alb-sg",
            "aws_security_group.webtier-sg",
            "aws_subnet.private_database_subnet",
            "aws_vpc.P1-3-tier-archi"
          ]
        }
      ]
    },
    {
      "mode": "managed",
      "type": "aws_rds_cluster_instance",
      "name": "database-instance",
      "provider": "provider[\"registry.terraform.io/hashicorp/aws\"]",
      "instances": [
        {
          "index_key": 0,
          "schema_version": 0,
          "attributes": {
            "apply_immediately": null,
            "arn": "arn:aws:rds:us-east-1:843756394080:db:aurora-database-1",
            "auto_minor_version_upgrade": true,
            "availability_zone": "us-east-1b",
            "ca_cert_identifier": "rds-ca-rsa2048-g1",
            "cluster_identifier": "database",
            "copy_tags_to_snapshot": false,
            "db_parameter_group_name": "default.aurora-mysql8.0",
            "db_subnet_group_name": "database subnets",
            "dbi_resource_id": "db-I4M42SSSXPNXX7YFYJO44D3VZQ",
            "endpoint": "aurora-database-1.cox2eq48y844.us-east-1.rds.amazonaws.com",
            "engine": "aurora-mysql",
            "engine_version": "8.0.mysql_aurora.3.08.2",
            "engine_version_actual": "8.0.mysql_aurora.3.08.2",
            "id": "aurora-database-1",
            "identifier": "aurora-database-1",
            "identifier_prefix": null,
            "instance_class": "db.r5.2xlarge",
            "kms_key_id": "",
            "monitoring_interval": 0,
            "monitoring_role_arn": "",
            "network_type": "IPV4",
            "performance_insights_enabled": false,
            "performance_insights_kms_key_id": "",
            "performance_insights_retention_period": 0,
            "port": 3306,
            "preferred_backup_window": "07:43-08:13",
            "preferred_maintenance_window": "wed:06:16-wed:06:46",
            "promotion_tier": 0,
            "publicly_accessible": false,
            "storage_encrypted": false,
            "tags": null,
            "tags_all": {},
            "timeouts": null,
            "writer": false
          },
          "sensitive_attributes": [],
          "identity_schema_version": 0,
          "private": "eyJlMmJmYjczMC1lY2FhLTExZTYtOGY4OC0zNDM2M2JjN2M0YzAiOnsiY3JlYXRlIjo1NDAwMDAwMDAwMDAwLCJkZWxldGUiOjU0MDAwMDAwMDAwMDAsInVwZGF0ZSI6NTQwMDAwMDAwMDAwMH19",
          "dependencies": [
            "aws_db_subnet_group.database-subnet",
            "aws_rds_cluster.database-tier",
            "aws_security_group.apptier-alb-sg",
            "aws_security_group.apptier-sg",
            "aws_security_group.bastion-host-sg",
            "aws_security_group.database-sg",
            "aws_security_group.webtier-alb-sg",
            "aws_security_group.webtier-sg",
            "aws_subnet.private_database_subnet",
            "aws_vpc.P1-3-tier-archi"
          ]
        },
        {
          "index_key": 1,
          "schema_version": 0,
          "attributes": {
            "apply_immediately": null,
            "arn": "arn:aws:rds:us-east-1:843756394080:db:aurora-database-2",
            "auto_minor_version_upgrade": true,
            "availability_zone": "us-east-1a",
            "ca_cert_identifier": "rds-ca-rsa2048-g1",
            "cluster_identifier": "database",
            "copy_tags_to_snapshot": false,
            "db_parameter_group_name": "default.aurora-mysql8.0",
            "db_subnet_group_name": "database subnets",
            "dbi_resource_id": "db-CRBLQTG3IMBAT6TB42WK4TGMUA",
            "endpoint": "aurora-database-2.cox2eq48y844.us-east-1.rds.amazonaws.com",
            "engine": "aurora-mysql",
            "engine_version": "8.0.mysql_aurora.3.08.2",
            "engine_version_actual": "8.0.mysql_aurora.3.08.2",
            "id": "aurora-database-2",
            "identifier": "aurora-database-2",
            "identifier_prefix": null,
            "instance_class": "db.r5.2xlarge",
            "kms_key_id": "",
            "monitoring_interval": 0,
            "monitoring_role_arn": "",
            "network_type": "IPV4",
            "performance_insights_enabled": false,
            "performance_insights_kms_key_id": "",
            "performance_insights_retention_period": 0,
            "port": 3306,
            "preferred_backup_window": "07:43-08:13",
            "preferred_maintenance_window": "thu:03:55-thu:04:25",
            "promotion_tier": 0,
            "publicly_accessible": false,
            "storage_encrypted": false,
            "tags": null,
            "tags_all": {},
            "timeouts": null,
            "writer": true
          },
          "sensitive_attributes": [],
          "identity_schema_version": 0,
          "private": "eyJlMmJmYjczMC1lY2FhLTExZTYtOGY4OC0zNDM2M2JjN2M0YzAiOnsiY3JlYXRlIjo1NDAwMDAwMDAwMDAwLCJkZWxldGUiOjU0MDAwMDAwMDAwMDAsInVwZGF0ZSI6NTQwMDAwMDAwMDAwMH19",
          "dependencies": [
            "aws_db_subnet_group.database-subnet",
            "aws_rds_cluster.database-tier",
            "aws_security_group.apptier-alb-sg",
            "aws_security_group.apptier-sg",
            "aws_security_group.bastion-host-sg",
            "aws_security_group.database-sg",
            "aws_security_group.webtier-alb-sg",
            "aws_security_group.webtier-sg",
            "aws_subnet.private_database_subnet",
            "aws_vpc.P1-3-tier-archi"
          ]
        }
      ]
    },
    {
      "mode": "managed",
      "type": "aws_route_table",
      "name": "NAT-Gateway-RT-Apptier",
      "provider": "provider[\"registry.terraform.io/hashicorp/aws\"]",
      "instances": [
        {
          "schema_version": 0,
          "attributes": {
            "arn": "arn:aws:ec2:us-east-1:843756394080:route-table/rtb-008140d5f3ab34cc8",
            "id": "rtb-008140d5f3ab34cc8",
            "owner_id": "843756394080",
            "propagating_vgws": [],
            "route": [
              {
                "carrier_gateway_id": "",
                "cidr_block": "0.0.0.0/0",
                "core_network_arn": "",
                "destination_prefix_list_id": "",
                "egress_only_gateway_id": "",
                "gateway_id": "",
                "instance_id": "",
                "ipv6_cidr_block": "",
                "local_gateway_id": "",
                "nat_gateway_id": "nat-0fc096226f933aa3f",
                "network_interface_id": "",
                "transit_gateway_id": "",
                "vpc_endpoint_id": "",
                "vpc_peering_connection_id": ""
              }
            ],
            "tags": {
              "Name": "Route Table for NAT Gateway App tier"
            },
            "tags_all": {
              "Name": "Route Table for NAT Gateway App tier"
            },
            "timeouts": null,
            "vpc_id": "vpc-0f2c43e99c6289ba4"
          },
          "sensitive_attributes": [],
          "identity_schema_version": 0,
          "private": "eyJlMmJmYjczMC1lY2FhLTExZTYtOGY4OC0zNDM2M2JjN2M0YzAiOnsiY3JlYXRlIjozMDAwMDAwMDAwMDAsImRlbGV0ZSI6MzAwMDAwMDAwMDAwLCJ1cGRhdGUiOjEyMDAwMDAwMDAwMH19",
          "dependencies": [
            "aws_eip.NAT-Gateway-EIP",
            "aws_internet_gateway.P1_IG",
            "aws_nat_gateway.Private_NAT_GW",
            "aws_route_table.public_RT",
            "aws_route_table_association.public_subnet_asso",
            "aws_subnet.public_webtier_subnet",
            "aws_vpc.P1-3-tier-archi"
          ]
        }
      ]
    },
    {
      "mode": "managed",
      "type": "aws_route_table",
      "name": "NAT-Gateway-RT-Database",
      "provider": "provider[\"registry.terraform.io/hashicorp/aws\"]",
      "instances": [
        {
          "schema_version": 0,
          "attributes": {
            "arn": "arn:aws:ec2:us-east-1:843756394080:route-table/rtb-0fe757060b7eea75c",
            "id": "rtb-0fe757060b7eea75c",
            "owner_id": "843756394080",
            "propagating_vgws": [],
            "route": [
              {
                "carrier_gateway_id": "",
                "cidr_block": "0.0.0.0/0",
                "core_network_arn": "",
                "destination_prefix_list_id": "",
                "egress_only_gateway_id": "",
                "gateway_id": "",
                "instance_id": "",
                "ipv6_cidr_block": "",
                "local_gateway_id": "",
                "nat_gateway_id": "nat-0fc096226f933aa3f",
                "network_interface_id": "",
                "transit_gateway_id": "",
                "vpc_endpoint_id": "",
                "vpc_peering_connection_id": ""
              }
            ],
            "tags": {
              "Name": "Route Table for NAT Gateway Database"
            },
            "tags_all": {
              "Name": "Route Table for NAT Gateway Database"
            },
            "timeouts": null,
            "vpc_id": "vpc-0f2c43e99c6289ba4"
          },
          "sensitive_attributes": [],
          "identity_schema_version": 0,
          "private": "eyJlMmJmYjczMC1lY2FhLTExZTYtOGY4OC0zNDM2M2JjN2M0YzAiOnsiY3JlYXRlIjozMDAwMDAwMDAwMDAsImRlbGV0ZSI6MzAwMDAwMDAwMDAwLCJ1cGRhdGUiOjEyMDAwMDAwMDAwMH19",
          "dependencies": [
            "aws_eip.NAT-Gateway-EIP",
            "aws_internet_gateway.P1_IG",
            "aws_nat_gateway.Private_NAT_GW",
            "aws_route_table.public_RT",
            "aws_route_table_association.public_subnet_asso",
            "aws_subnet.public_webtier_subnet",
            "aws_vpc.P1-3-tier-archi"
          ]
        }
      ]
    },
    {
      "mode": "managed",
      "type": "aws_route_table",
      "name": "public_RT",
      "provider": "provider[\"registry.terraform.io/hashicorp/aws\"]",
      "instances": [
        {
          "schema_version": 0,
          "attributes": {
            "arn": "arn:aws:ec2:us-east-1:843756394080:route-table/rtb-079edfebd71e48e02",
            "id": "rtb-079edfebd71e48e02",
            "owner_id": "843756394080",
            "propagating_vgws": [],
            "route": [
              {
                "carrier_gateway_id": "",
                "cidr_block": "0.0.0.0/0",
                "core_network_arn": "",
                "destination_prefix_list_id": "",
                "egress_only_gateway_id": "",
                "gateway_id": "igw-09de0d69dfddcc13c",
                "instance_id": "",
                "ipv6_cidr_block": "",
                "local_gateway_id": "",
                "nat_gateway_id": "",
                "network_interface_id": "",
                "transit_gateway_id": "",
                "vpc_endpoint_id": "",
                "vpc_peering_connection_id": ""
              }
            ],
            "tags": {
              "Name": "Public Route Table"
            },
            "tags_all": {
              "Name": "Public Route Table"
            },
            "timeouts": null,
            "vpc_id": "vpc-0f2c43e99c6289ba4"
          },
          "sensitive_attributes": [],
          "identity_schema_version": 0,
          "private": "eyJlMmJmYjczMC1lY2FhLTExZTYtOGY4OC0zNDM2M2JjN2M0YzAiOnsiY3JlYXRlIjozMDAwMDAwMDAwMDAsImRlbGV0ZSI6MzAwMDAwMDAwMDAwLCJ1cGRhdGUiOjEyMDAwMDAwMDAwMH19",
          "dependencies": [
            "aws_internet_gateway.P1_IG",
            "aws_vpc.P1-3-tier-archi"
          ]
        }
      ]
    },
    {
      "mode": "managed",
      "type": "aws_route_table_association",
      "name": "Nat-Gateway-RT-Association-Apptier",
      "provider": "provider[\"registry.terraform.io/hashicorp/aws\"]",
      "instances": [
        {
          "index_key": 0,
          "schema_version": 0,
          "attributes": {
            "gateway_id": "",
            "id": "rtbassoc-04fb79656070811b1",
            "route_table_id": "rtb-008140d5f3ab34cc8",
            "subnet_id": "subnet-0226f89cccd1ed731"
          },
          "sensitive_attributes": [],
          "identity_schema_version": 0,
          "private": "bnVsbA==",
          "dependencies": [
            "aws_eip.NAT-Gateway-EIP",
            "aws_internet_gateway.P1_IG",
            "aws_nat_gateway.Private_NAT_GW",
            "aws_route_table.NAT-Gateway-RT-Apptier",
            "aws_route_table.public_RT",
            "aws_route_table_association.public_subnet_asso",
            "aws_subnet.private_apptier_subnet",
            "aws_subnet.public_webtier_subnet",
            "aws_vpc.P1-3-tier-archi"
          ]
        },
        {
          "index_key": 1,
          "schema_version": 0,
          "attributes": {
            "gateway_id": "",
            "id": "rtbassoc-04d44466310633202",
            "route_table_id": "rtb-008140d5f3ab34cc8",
            "subnet_id": "subnet-05727c2d83188788e"
          },
          "sensitive_attributes": [],
          "identity_schema_version": 0,
          "private": "bnVsbA==",
          "dependencies": [
            "aws_eip.NAT-Gateway-EIP",
            "aws_internet_gateway.P1_IG",
            "aws_nat_gateway.Private_NAT_GW",
            "aws_route_table.NAT-Gateway-RT-Apptier",
            "aws_route_table.public_RT",
            "aws_route_table_association.public_subnet_asso",
            "aws_subnet.private_apptier_subnet",
            "aws_subnet.public_webtier_subnet",
            "aws_vpc.P1-3-tier-archi"
          ]
        }
      ]
    },
    {
      "mode": "managed",
      "type": "aws_route_table_association",
      "name": "Nat-Gateway-RT-Association-Database",
      "provider": "provider[\"registry.terraform.io/hashicorp/aws\"]",
      "instances": [
        {
          "index_key": 0,
          "schema_version": 0,
          "attributes": {
            "gateway_id": "",
            "id": "rtbassoc-0eefed82cfc6f7205",
            "route_table_id": "rtb-0fe757060b7eea75c",
            "subnet_id": "subnet-0d9c0cf318f6433f8"
          },
          "sensitive_attributes": [],
          "identity_schema_version": 0,
          "private": "bnVsbA==",
          "dependencies": [
            "aws_eip.NAT-Gateway-EIP",
            "aws_internet_gateway.P1_IG",
            "aws_nat_gateway.Private_NAT_GW",
            "aws_route_table.NAT-Gateway-RT-Database",
            "aws_route_table.public_RT",
            "aws_route_table_association.public_subnet_asso",
            "aws_subnet.private_database_subnet",
            "aws_subnet.public_webtier_subnet",
            "aws_vpc.P1-3-tier-archi"
          ]
        },
        {
          "index_key": 1,
          "schema_version": 0,
          "attributes": {
            "gateway_id": "",
            "id": "rtbassoc-0e1f33c8912d19d9a",
            "route_table_id": "rtb-0fe757060b7eea75c",
            "subnet_id": "subnet-0a6c7fc56470d6f66"
          },
          "sensitive_attributes": [],
          "identity_schema_version": 0,
          "private": "bnVsbA==",
          "dependencies": [
            "aws_eip.NAT-Gateway-EIP",
            "aws_internet_gateway.P1_IG",
            "aws_nat_gateway.Private_NAT_GW",
            "aws_route_table.NAT-Gateway-RT-Database",
            "aws_route_table.public_RT",
            "aws_route_table_association.public_subnet_asso",
            "aws_subnet.private_database_subnet",
            "aws_subnet.public_webtier_subnet",
            "aws_vpc.P1-3-tier-archi"
          ]
        }
      ]
    },
    {
      "mode": "managed",
      "type": "aws_route_table_association",
      "name": "public_subnet_asso",
      "provider": "provider[\"registry.terraform.io/hashicorp/aws\"]",
      "instances": [
        {
          "index_key": 0,
          "schema_version": 0,
          "attributes": {
            "gateway_id": "",
            "id": "rtbassoc-0326d2ae0c7d5e4aa",
            "route_table_id": "rtb-079edfebd71e48e02",
            "subnet_id": "subnet-051d96d900f947f84"
          },
          "sensitive_attributes": [],
          "identity_schema_version": 0,
          "private": "bnVsbA==",
          "dependencies": [
            "aws_internet_gateway.P1_IG",
            "aws_route_table.public_RT",
            "aws_subnet.public_webtier_subnet",
            "aws_vpc.P1-3-tier-archi"
          ]
        },
        {
          "index_key": 1,
          "schema_version": 0,
          "attributes": {
            "gateway_id": "",
            "id": "rtbassoc-0de9a341ae0aaaef5",
            "route_table_id": "rtb-079edfebd71e48e02",
            "subnet_id": "subnet-060ae2d7d505d8b7a"
          },
          "sensitive_attributes": [],
          "identity_schema_version": 0,
          "private": "bnVsbA==",
          "dependencies": [
            "aws_internet_gateway.P1_IG",
            "aws_route_table.public_RT",
            "aws_subnet.public_webtier_subnet",
            "aws_vpc.P1-3-tier-archi"
          ]
        }
      ]
    },
    {
      "mode": "managed",
      "type": "aws_security_group",
      "name": "apptier-alb-sg",
      "provider": "provider[\"registry.terraform.io/hashicorp/aws\"]",
      "instances": [
        {
          "schema_version": 1,
          "attributes": {
            "arn": "arn:aws:ec2:us-east-1:843756394080:security-group/sg-07d9e78021a131858",
            "description": "Allow HTTP and HTTPS from webtier",
            "egress": [
              {
                "cidr_blocks": [
                  "0.0.0.0/0"
                ],
                "description": "",
                "from_port": 0,
                "ipv6_cidr_blocks": [],
                "prefix_list_ids": [],
                "protocol": "-1",
                "security_groups": [],
                "self": false,
                "to_port": 0
              }
            ],
            "id": "sg-07d9e78021a131858",
            "ingress": [
              {
                "cidr_blocks": [],
                "description": "HTTP from VPC",
                "from_port": 80,
                "ipv6_cidr_blocks": [],
                "prefix_list_ids": [],
                "protocol": "tcp",
                "security_groups": [
                  "sg-0727d75ce7f7a0f6f"
                ],
                "self": false,
                "to_port": 80
              },
              {
                "cidr_blocks": [],
                "description": "HTTPS from VPC",
                "from_port": 443,
                "ipv6_cidr_blocks": [],
                "prefix_list_ids": [],
                "protocol": "tcp",
                "security_groups": [
                  "sg-0727d75ce7f7a0f6f"
                ],
                "self": false,
                "to_port": 443
              }
            ],
            "name": "Apptier-ALB-SG",
            "name_prefix": "",
            "owner_id": "843756394080",
            "revoke_rules_on_delete": false,
            "tags": {
              "Name": "Apptier-ALB-SG"
            },
            "tags_all": {
              "Name": "Apptier-ALB-SG"
            },
            "timeouts": null,
            "vpc_id": "vpc-0f2c43e99c6289ba4"
          },
          "sensitive_attributes": [],
          "identity_schema_version": 0,
          "private": "eyJlMmJmYjczMC1lY2FhLTExZTYtOGY4OC0zNDM2M2JjN2M0YzAiOnsiY3JlYXRlIjo2MDAwMDAwMDAwMDAsImRlbGV0ZSI6OTAwMDAwMDAwMDAwfSwic2NoZW1hX3ZlcnNpb24iOiIxIn0=",
          "dependencies": [
            "aws_security_group.webtier-alb-sg",
            "aws_security_group.webtier-sg",
            "aws_vpc.P1-3-tier-archi"
          ],
          "create_before_destroy": true
        }
      ]
    },
    {
      "mode": "managed",
      "type": "aws_security_group",
      "name": "apptier-sg",
      "provider": "provider[\"registry.terraform.io/hashicorp/aws\"]",
      "instances": [
        {
          "schema_version": 1,
          "attributes": {
            "arn": "arn:aws:ec2:us-east-1:843756394080:security-group/sg-05da4a657d3e4bb02",
            "description": "Allow inbound traffic from apptier ALB",
            "egress": [
              {
                "cidr_blocks": [
                  "0.0.0.0/0"
                ],
                "description": "",
                "from_port": 0,
                "ipv6_cidr_blocks": [],
                "prefix_list_ids": [],
                "protocol": "-1",
                "security_groups": [],
                "self": false,
                "to_port": 0
              }
            ],
            "id": "sg-05da4a657d3e4bb02",
            "ingress": [
              {
                "cidr_blocks": [],
                "description": "Allow ssh from bastion host",
                "from_port": 22,
                "ipv6_cidr_blocks": [],
                "prefix_list_ids": [],
                "protocol": "tcp",
                "security_groups": [
                  "sg-0d2317503b826dbb9"
                ],
                "self": false,
                "to_port": 22
              },
              {
                "cidr_blocks": [],
                "description": "Allow traffic from apptier alb",
                "from_port": 0,
                "ipv6_cidr_blocks": [],
                "prefix_list_ids": [],
                "protocol": "-1",
                "security_groups": [
                  "sg-07d9e78021a131858"
                ],
                "self": false,
                "to_port": 0
              }
            ],
            "name": "Apptier-SG",
            "name_prefix": "",
            "owner_id": "843756394080",
            "revoke_rules_on_delete": false,
            "tags": {
              "Name": "Apptier-SG"
            },
            "tags_all": {
              "Name": "Apptier-SG"
            },
            "timeouts": null,
            "vpc_id": "vpc-0f2c43e99c6289ba4"
          },
          "sensitive_attributes": [],
          "identity_schema_version": 0,
          "private": "eyJlMmJmYjczMC1lY2FhLTExZTYtOGY4OC0zNDM2M2JjN2M0YzAiOnsiY3JlYXRlIjo2MDAwMDAwMDAwMDAsImRlbGV0ZSI6OTAwMDAwMDAwMDAwfSwic2NoZW1hX3ZlcnNpb24iOiIxIn0=",
          "dependencies": [
            "aws_security_group.apptier-alb-sg",
            "aws_security_group.bastion-host-sg",
            "aws_security_group.webtier-alb-sg",
            "aws_security_group.webtier-sg",
            "aws_vpc.P1-3-tier-archi"
          ],
          "create_before_destroy": true
        }
      ]
    },
    {
      "mode": "managed",
      "type": "aws_security_group",
      "name": "bastion-host-sg",
      "provider": "provider[\"registry.terraform.io/hashicorp/aws\"]",
      "instances": [
        {
          "schema_version": 1,
          "attributes": {
            "arn": "arn:aws:ec2:us-east-1:843756394080:security-group/sg-0d2317503b826dbb9",
            "description": "Allow Bastion host to ssh to App tier",
            "egress": [
              {
                "cidr_blocks": [
                  "0.0.0.0/0"
                ],
                "description": "",
                "from_port": 0,
                "ipv6_cidr_blocks": [],
                "prefix_list_ids": [],
                "protocol": "-1",
                "security_groups": [],
                "self": false,
                "to_port": 0
              }
            ],
            "id": "sg-0d2317503b826dbb9",
            "ingress": [
              {
                "cidr_blocks": [
                  "0.0.0.0/0"
                ],
                "description": "ssh from anywhere ",
                "from_port": 22,
                "ipv6_cidr_blocks": [],
                "prefix_list_ids": [],
                "protocol": "tcp",
                "security_groups": [],
                "self": false,
                "to_port": 22
              }
            ],
            "name": "Bastion-SG",
            "name_prefix": "",
            "owner_id": "843756394080",
            "revoke_rules_on_delete": false,
            "tags": {
              "Name": "Bastion-SG"
            },
            "tags_all": {
              "Name": "Bastion-SG"
            },
            "timeouts": null,
            "vpc_id": "vpc-0f2c43e99c6289ba4"
          },
          "sensitive_attributes": [],
          "identity_schema_version": 0,
          "private": "eyJlMmJmYjczMC1lY2FhLTExZTYtOGY4OC0zNDM2M2JjN2M0YzAiOnsiY3JlYXRlIjo2MDAwMDAwMDAwMDAsImRlbGV0ZSI6OTAwMDAwMDAwMDAwfSwic2NoZW1hX3ZlcnNpb24iOiIxIn0=",
          "dependencies": [
            "aws_vpc.P1-3-tier-archi"
          ],
          "create_before_destroy": true
        }
      ]
    },
    {
      "mode": "managed",
      "type": "aws_security_group",
      "name": "database-sg",
      "provider": "provider[\"registry.terraform.io/hashicorp/aws\"]",
      "instances": [
        {
          "schema_version": 1,
          "attributes": {
            "arn": "arn:aws:ec2:us-east-1:843756394080:security-group/sg-01352b9307d98c0c9",
            "description": "Allow inbound traffic from apptier ",
            "egress": [
              {
                "cidr_blocks": [
                  "0.0.0.0/0"
                ],
                "description": "",
                "from_port": 0,
                "ipv6_cidr_blocks": [],
                "prefix_list_ids": [],
                "protocol": "-1",
                "security_groups": [],
                "self": false,
                "to_port": 0
              }
            ],
            "id": "sg-01352b9307d98c0c9",
            "ingress": [
              {
                "cidr_blocks": [],
                "description": "Allow mysql from apptier",
                "from_port": 3306,
                "ipv6_cidr_blocks": [],
                "prefix_list_ids": [],
                "protocol": "tcp",
                "security_groups": [
                  "sg-05da4a657d3e4bb02"
                ],
                "self": false,
                "to_port": 3306
              }
            ],
            "name": "Database-SG",
            "name_prefix": "",
            "owner_id": "843756394080",
            "revoke_rules_on_delete": false,
            "tags": {
              "Name": "Database-SG"
            },
            "tags_all": {
              "Name": "Database-SG"
            },
            "timeouts": null,
            "vpc_id": "vpc-0f2c43e99c6289ba4"
          },
          "sensitive_attributes": [],
          "identity_schema_version": 0,
          "private": "eyJlMmJmYjczMC1lY2FhLTExZTYtOGY4OC0zNDM2M2JjN2M0YzAiOnsiY3JlYXRlIjo2MDAwMDAwMDAwMDAsImRlbGV0ZSI6OTAwMDAwMDAwMDAwfSwic2NoZW1hX3ZlcnNpb24iOiIxIn0=",
          "dependencies": [
            "aws_security_group.apptier-alb-sg",
            "aws_security_group.apptier-sg",
            "aws_security_group.bastion-host-sg",
            "aws_security_group.webtier-alb-sg",
            "aws_security_group.webtier-sg",
            "aws_vpc.P1-3-tier-archi"
          ]
        }
      ]
    },
    {
      "mode": "managed",
      "type": "aws_security_group",
      "name": "webtier-alb-sg",
      "provider": "provider[\"registry.terraform.io/hashicorp/aws\"]",
      "instances": [
        {
          "schema_version": 1,
          "attributes": {
            "arn": "arn:aws:ec2:us-east-1:843756394080:security-group/sg-028516da4739284cc",
            "description": "Allow HTTP and HTTPS inbound traffic",
            "egress": [
              {
                "cidr_blocks": [
                  "0.0.0.0/0"
                ],
                "description": "",
                "from_port": 0,
                "ipv6_cidr_blocks": [],
                "prefix_list_ids": [],
                "protocol": "-1",
                "security_groups": [],
                "self": false,
                "to_port": 0
              }
            ],
            "id": "sg-028516da4739284cc",
            "ingress": [
              {
                "cidr_blocks": [
                  "0.0.0.0/0"
                ],
                "description": "HTTP from VPC",
                "from_port": 80,
                "ipv6_cidr_blocks": [],
                "prefix_list_ids": [],
                "protocol": "tcp",
                "security_groups": [],
                "self": false,
                "to_port": 80
              },
              {
                "cidr_blocks": [
                  "0.0.0.0/0"
                ],
                "description": "HTTPS from VPC",
                "from_port": 443,
                "ipv6_cidr_blocks": [],
                "prefix_list_ids": [],
                "protocol": "tcp",
                "security_groups": [],
                "self": false,
                "to_port": 443
              }
            ],
            "name": "Webtier-ALB-SG",
            "name_prefix": "",
            "owner_id": "843756394080",
            "revoke_rules_on_delete": false,
            "tags": {
              "Name": "Webtier-ALB-SG"
            },
            "tags_all": {
              "Name": "Webtier-ALB-SG"
            },
            "timeouts": null,
            "vpc_id": "vpc-0f2c43e99c6289ba4"
          },
          "sensitive_attributes": [],
          "identity_schema_version": 0,
          "private": "eyJlMmJmYjczMC1lY2FhLTExZTYtOGY4OC0zNDM2M2JjN2M0YzAiOnsiY3JlYXRlIjo2MDAwMDAwMDAwMDAsImRlbGV0ZSI6OTAwMDAwMDAwMDAwfSwic2NoZW1hX3ZlcnNpb24iOiIxIn0=",
          "dependencies": [
            "aws_vpc.P1-3-tier-archi"
          ],
          "create_before_destroy": true
        }
      ]
    },
    {
      "mode": "managed",
      "type": "aws_security_group",
      "name": "webtier-sg",
      "provider": "provider[\"registry.terraform.io/hashicorp/aws\"]",
      "instances": [
        {
          "schema_version": 1,
          "attributes": {
            "arn": "arn:aws:ec2:us-east-1:843756394080:security-group/sg-0727d75ce7f7a0f6f",
            "description": "Allow inbound traffic from ALB",
            "egress": [
              {
                "cidr_blocks": [
                  "0.0.0.0/0"
                ],
                "description": "",
                "from_port": 0,
                "ipv6_cidr_blocks": [],
                "prefix_list_ids": [],
                "protocol": "-1",
                "security_groups": [],
                "self": false,
                "to_port": 0
              }
            ],
            "id": "sg-0727d75ce7f7a0f6f",
            "ingress": [
              {
                "cidr_blocks": [
                  "0.0.0.0/0"
                ],
                "description": "ssh for stress test ",
                "from_port": 22,
                "ipv6_cidr_blocks": [],
                "prefix_list_ids": [],
                "protocol": "tcp",
                "security_groups": [],
                "self": false,
                "to_port": 22
              },
              {
                "cidr_blocks": [],
                "description": "Allow traffic from Web tier ALB",
                "from_port": 0,
                "ipv6_cidr_blocks": [],
                "prefix_list_ids": [],
                "protocol": "-1",
                "security_groups": [
                  "sg-028516da4739284cc"
                ],
                "self": false,
                "to_port": 0
              }
            ],
            "name": "Webtier-SG",
            "name_prefix": "",
            "owner_id": "843756394080",
            "revoke_rules_on_delete": false,
            "tags": {
              "Name": "Webtier-SG"
            },
            "tags_all": {
              "Name": "Webtier-SG"
            },
            "timeouts": null,
            "vpc_id": "vpc-0f2c43e99c6289ba4"
          },
          "sensitive_attributes": [],
          "identity_schema_version": 0,
          "private": "eyJlMmJmYjczMC1lY2FhLTExZTYtOGY4OC0zNDM2M2JjN2M0YzAiOnsiY3JlYXRlIjo2MDAwMDAwMDAwMDAsImRlbGV0ZSI6OTAwMDAwMDAwMDAwfSwic2NoZW1hX3ZlcnNpb24iOiIxIn0=",
          "dependencies": [
            "aws_security_group.webtier-alb-sg",
            "aws_vpc.P1-3-tier-archi"
          ],
          "create_before_destroy": true
        }
      ]
    },
    {
      "mode": "managed",
      "type": "aws_subnet",
      "name": "private_apptier_subnet",
      "provider": "provider[\"registry.terraform.io/hashicorp/aws\"]",
      "instances": [
        {
          "index_key": 0,
          "schema_version": 1,
          "attributes": {
            "arn": "arn:aws:ec2:us-east-1:843756394080:subnet/subnet-0226f89cccd1ed731",
            "assign_ipv6_address_on_creation": false,
            "availability_zone": "us-east-1a",
            "availability_zone_id": "use1-az4",
            "cidr_block": "10.0.3.0/24",
            "customer_owned_ipv4_pool": "",
            "enable_dns64": false,
            "enable_resource_name_dns_a_record_on_launch": false,
            "enable_resource_name_dns_aaaa_record_on_launch": false,
            "id": "subnet-0226f89cccd1ed731",
            "ipv6_cidr_block": "",
            "ipv6_cidr_block_association_id": "",
            "ipv6_native": false,
            "map_customer_owned_ip_on_launch": false,
            "map_public_ip_on_launch": false,
            "outpost_arn": "",
            "owner_id": "843756394080",
            "private_dns_hostname_type_on_launch": "ip-name",
            "tags": {
              "Name": "Private Apptier Subnet 1"
            },
            "tags_all": {
              "Name": "Private Apptier Subnet 1"
            },
            "timeouts": null,
            "vpc_id": "vpc-0f2c43e99c6289ba4"
          },
          "sensitive_attributes": [],
          "identity_schema_version": 0,
          "private": "eyJlMmJmYjczMC1lY2FhLTExZTYtOGY4OC0zNDM2M2JjN2M0YzAiOnsiY3JlYXRlIjo2MDAwMDAwMDAwMDAsImRlbGV0ZSI6MTIwMDAwMDAwMDAwMH0sInNjaGVtYV92ZXJzaW9uIjoiMSJ9",
          "dependencies": [
            "aws_vpc.P1-3-tier-archi"
          ],
          "create_before_destroy": true
        },
        {
          "index_key": 1,
          "schema_version": 1,
          "attributes": {
            "arn": "arn:aws:ec2:us-east-1:843756394080:subnet/subnet-05727c2d83188788e",
            "assign_ipv6_address_on_creation": false,
            "availability_zone": "us-east-1b",
            "availability_zone_id": "use1-az6",
            "cidr_block": "10.0.4.0/24",
            "customer_owned_ipv4_pool": "",
            "enable_dns64": false,
            "enable_resource_name_dns_a_record_on_launch": false,
            "enable_resource_name_dns_aaaa_record_on_launch": false,
            "id": "subnet-05727c2d83188788e",
            "ipv6_cidr_block": "",
            "ipv6_cidr_block_association_id": "",
            "ipv6_native": false,
            "map_customer_owned_ip_on_launch": false,
            "map_public_ip_on_launch": false,
            "outpost_arn": "",
            "owner_id": "843756394080",
            "private_dns_hostname_type_on_launch": "ip-name",
            "tags": {
              "Name": "Private Apptier Subnet 2"
            },
            "tags_all": {
              "Name": "Private Apptier Subnet 2"
            },
            "timeouts": null,
            "vpc_id": "vpc-0f2c43e99c6289ba4"
          },
          "sensitive_attributes": [],
          "identity_schema_version": 0,
          "private": "eyJlMmJmYjczMC1lY2FhLTExZTYtOGY4OC0zNDM2M2JjN2M0YzAiOnsiY3JlYXRlIjo2MDAwMDAwMDAwMDAsImRlbGV0ZSI6MTIwMDAwMDAwMDAwMH0sInNjaGVtYV92ZXJzaW9uIjoiMSJ9",
          "dependencies": [
            "aws_vpc.P1-3-tier-archi"
          ],
          "create_before_destroy": true
        }
      ]
    },
    {
      "mode": "managed",
      "type": "aws_subnet",
      "name": "private_database_subnet",
      "provider": "provider[\"registry.terraform.io/hashicorp/aws\"]",
      "instances": [
        {
          "index_key": 0,
          "schema_version": 1,
          "attributes": {
            "arn": "arn:aws:ec2:us-east-1:843756394080:subnet/subnet-0d9c0cf318f6433f8",
            "assign_ipv6_address_on_creation": false,
            "availability_zone": "us-east-1a",
            "availability_zone_id": "use1-az4",
            "cidr_block": "10.0.5.0/24",
            "customer_owned_ipv4_pool": "",
            "enable_dns64": false,
            "enable_resource_name_dns_a_record_on_launch": false,
            "enable_resource_name_dns_aaaa_record_on_launch": false,
            "id": "subnet-0d9c0cf318f6433f8",
            "ipv6_cidr_block": "",
            "ipv6_cidr_block_association_id": "",
            "ipv6_native": false,
            "map_customer_owned_ip_on_launch": false,
            "map_public_ip_on_launch": false,
            "outpost_arn": "",
            "owner_id": "843756394080",
            "private_dns_hostname_type_on_launch": "ip-name",
            "tags": {
              "Name": "Private Database Subnet 1"
            },
            "tags_all": {
              "Name": "Private Database Subnet 1"
            },
            "timeouts": null,
            "vpc_id": "vpc-0f2c43e99c6289ba4"
          },
          "sensitive_attributes": [],
          "identity_schema_version": 0,
          "private": "eyJlMmJmYjczMC1lY2FhLTExZTYtOGY4OC0zNDM2M2JjN2M0YzAiOnsiY3JlYXRlIjo2MDAwMDAwMDAwMDAsImRlbGV0ZSI6MTIwMDAwMDAwMDAwMH0sInNjaGVtYV92ZXJzaW9uIjoiMSJ9",
          "dependencies": [
            "aws_vpc.P1-3-tier-archi"
          ]
        },
        {
          "index_key": 1,
          "schema_version": 1,
          "attributes": {
            "arn": "arn:aws:ec2:us-east-1:843756394080:subnet/subnet-0a6c7fc56470d6f66",
            "assign_ipv6_address_on_creation": false,
            "availability_zone": "us-east-1b",
            "availability_zone_id": "use1-az6",
            "cidr_block": "10.0.6.0/24",
            "customer_owned_ipv4_pool": "",
            "enable_dns64": false,
            "enable_resource_name_dns_a_record_on_launch": false,
            "enable_resource_name_dns_aaaa_record_on_launch": false,
            "id": "subnet-0a6c7fc56470d6f66",
            "ipv6_cidr_block": "",
            "ipv6_cidr_block_association_id": "",
            "ipv6_native": false,
            "map_customer_owned_ip_on_launch": false,
            "map_public_ip_on_launch": false,
            "outpost_arn": "",
            "owner_id": "843756394080",
            "private_dns_hostname_type_on_launch": "ip-name",
            "tags": {
              "Name": "Private Database Subnet 2"
            },
            "tags_all": {
              "Name": "Private Database Subnet 2"
            },
            "timeouts": null,
            "vpc_id": "vpc-0f2c43e99c6289ba4"
          },
          "sensitive_attributes": [],
          "identity_schema_version": 0,
          "private": "eyJlMmJmYjczMC1lY2FhLTExZTYtOGY4OC0zNDM2M2JjN2M0YzAiOnsiY3JlYXRlIjo2MDAwMDAwMDAwMDAsImRlbGV0ZSI6MTIwMDAwMDAwMDAwMH0sInNjaGVtYV92ZXJzaW9uIjoiMSJ9",
          "dependencies": [
            "aws_vpc.P1-3-tier-archi"
          ]
        }
      ]
    },
    {
      "mode": "managed",
      "type": "aws_subnet",
      "name": "public_webtier_subnet",
      "provider": "provider[\"registry.terraform.io/hashicorp/aws\"]",
      "instances": [
        {
          "index_key": 0,
          "schema_version": 1,
          "attributes": {
            "arn": "arn:aws:ec2:us-east-1:843756394080:subnet/subnet-051d96d900f947f84",
            "assign_ipv6_address_on_creation": false,
            "availability_zone": "us-east-1a",
            "availability_zone_id": "use1-az4",
            "cidr_block": "10.0.1.0/24",
            "customer_owned_ipv4_pool": "",
            "enable_dns64": false,
            "enable_resource_name_dns_a_record_on_launch": false,
            "enable_resource_name_dns_aaaa_record_on_launch": false,
            "id": "subnet-051d96d900f947f84",
            "ipv6_cidr_block": "",
            "ipv6_cidr_block_association_id": "",
            "ipv6_native": false,
            "map_customer_owned_ip_on_launch": false,
            "map_public_ip_on_launch": false,
            "outpost_arn": "",
            "owner_id": "843756394080",
            "private_dns_hostname_type_on_launch": "ip-name",
            "tags": {
              "Name": "Public Webtier Subnet 1"
            },
            "tags_all": {
              "Name": "Public Webtier Subnet 1"
            },
            "timeouts": null,
            "vpc_id": "vpc-0f2c43e99c6289ba4"
          },
          "sensitive_attributes": [],
          "identity_schema_version": 0,
          "private": "eyJlMmJmYjczMC1lY2FhLTExZTYtOGY4OC0zNDM2M2JjN2M0YzAiOnsiY3JlYXRlIjo2MDAwMDAwMDAwMDAsImRlbGV0ZSI6MTIwMDAwMDAwMDAwMH0sInNjaGVtYV92ZXJzaW9uIjoiMSJ9",
          "dependencies": [
            "aws_vpc.P1-3-tier-archi"
          ],
          "create_before_destroy": true
        },
        {
          "index_key": 1,
          "schema_version": 1,
          "attributes": {
            "arn": "arn:aws:ec2:us-east-1:843756394080:subnet/subnet-060ae2d7d505d8b7a",
            "assign_ipv6_address_on_creation": false,
            "availability_zone": "us-east-1b",
            "availability_zone_id": "use1-az6",
            "cidr_block": "10.0.2.0/24",
            "customer_owned_ipv4_pool": "",
            "enable_dns64": false,
            "enable_resource_name_dns_a_record_on_launch": false,
            "enable_resource_name_dns_aaaa_record_on_launch": false,
            "id": "subnet-060ae2d7d505d8b7a",
            "ipv6_cidr_block": "",
            "ipv6_cidr_block_association_id": "",
            "ipv6_native": false,
            "map_customer_owned_ip_on_launch": false,
            "map_public_ip_on_launch": false,
            "outpost_arn": "",
            "owner_id": "843756394080",
            "private_dns_hostname_type_on_launch": "ip-name",
            "tags": {
              "Name": "Public Webtier Subnet 2"
            },
            "tags_all": {
              "Name": "Public Webtier Subnet 2"
            },
            "timeouts": null,
            "vpc_id": "vpc-0f2c43e99c6289ba4"
          },
          "sensitive_attributes": [],
          "identity_schema_version": 0,
          "private": "eyJlMmJmYjczMC1lY2FhLTExZTYtOGY4OC0zNDM2M2JjN2M0YzAiOnsiY3JlYXRlIjo2MDAwMDAwMDAwMDAsImRlbGV0ZSI6MTIwMDAwMDAwMDAwMH0sInNjaGVtYV92ZXJzaW9uIjoiMSJ9",
          "dependencies": [
            "aws_vpc.P1-3-tier-archi"
          ],
          "create_before_destroy": true
        }
      ]
    },
    {
      "mode": "managed",
      "type": "aws_vpc",
      "name": "P1-3-tier-archi",
      "provider": "provider[\"registry.terraform.io/hashicorp/aws\"]",
      "instances": [
        {
          "schema_version": 1,
          "attributes": {
            "arn": "arn:aws:ec2:us-east-1:843756394080:vpc/vpc-0f2c43e99c6289ba4",
            "assign_generated_ipv6_cidr_block": false,
            "cidr_block": "10.0.0.0/16",
            "default_network_acl_id": "acl-0659ebcc7bba6a054",
            "default_route_table_id": "rtb-04ddb43ac4ff0eb8f",
            "default_security_group_id": "sg-0a003901c99e4b260",
            "dhcp_options_id": "dopt-07f52d97b2987d6e0",
            "enable_classiclink": false,
            "enable_classiclink_dns_support": false,
            "enable_dns_hostnames": true,
            "enable_dns_support": true,
            "enable_network_address_usage_metrics": false,
            "id": "vpc-0f2c43e99c6289ba4",
            "instance_tenancy": "default",
            "ipv4_ipam_pool_id": null,
            "ipv4_netmask_length": null,
            "ipv6_association_id": "",
            "ipv6_cidr_block": "",
            "ipv6_cidr_block_network_border_group": "",
            "ipv6_ipam_pool_id": "",
            "ipv6_netmask_length": 0,
            "main_route_table_id": "rtb-04ddb43ac4ff0eb8f",
            "owner_id": "843756394080",
            "tags": {
              "Name": "P1-3-tier-archi"
            },
            "tags_all": {
              "Name": "P1-3-tier-archi"
            }
          },
          "sensitive_attributes": [],
          "identity_schema_version": 0,
          "private": "eyJzY2hlbWFfdmVyc2lvbiI6IjEifQ==",
          "create_before_destroy": true
        }
      ]
    },
    {
      "mode": "managed",
      "type": "local_file",
      "name": "P1_3tier_archi_keypair_private",
      "provider": "provider[\"registry.terraform.io/hashicorp/local\"]",
      "instances": [
        {
          "schema_version": 0,
          "attributes": {
            "content": "-----BEGIN RSA PRIVATE KEY-----\nMIIJKQIBAAKCAgEAlhBVulvFNsooTZpWjiDzsAq0Qu+4g94996MyIDjs3H7kz24l\nhxHROfaZVnruyYnkTC5YN0aVLU/Ww1akVbgc9EhPkVmCcc2BPAj/dBySMLsXiN4R\nMITJ1na/qpUtkjXg57h6oHjvdraCvwnmWYWxzIUsVIZ2f14gXYc084qqb/Z6jngk\n1o0ggwgRa9TpcjAYhc8Mn+nGtBGcmgjztuZqTnr3yV+ji03laM9fHi18Wh+ZPNxJ\nQUOdvICXXQToPq1NyMOKG0+0auEQy4N6NlyEQUH3aFHZZBQs+skJIJ1bj0xrxTE3\na2smAuOOiZ5M3cBNQ2mfPd2BMUoW89cMavptZ3r2gFTuYfq3gQEyc0PvgJ1CZcnf\nilva3LnQut3F+7LAY8Nd3GMyCM4EnGbAYLZDHIEWdWwC6nB0UpKCkKy7LpzQFIkA\nU+b334lHcX8z5U13l1OREP9E8X8LHuzwEWm7oGijNtmm4e181X28Xx8QmcmcLoPI\nD0FVJIWwL+aH2jqbSIAo9GEG5ULhUxKxLvljAlYb4uePOx5CiTrBastu7dZJwclf\nVPrry6Lwo3GT0RyZ8AuLXDAOTGOkcomu8ADqamglFsjHJStX826N+YGLE7CUJvrR\nk7bfZSrTZSWfQUJkxOKGTIipsroR7bvYxDKjPQ7M8Pg5jCLdS+S8JCGzsWMCAwEA\nAQKCAgAFEYErvazACHzq/hL9UuyYHgxvlFQplAiIxCjNwM5zNg/5V5GJ6dakvAj6\nzEUjZnZhAlG1cDtan+8zgsojIQhNUeHqGVlYCaZbRjyGie6AGdmWJFX1Sw7cIP+h\nPc+fuBUkDm2J3PvNiSWKWUW/8U2LiFXyduYqsB2suwPVU/IkvPDvvewUmQinlE6u\nUy8dTbWOU2tsPUOaUlv1Mec1XrvpcarL0OCftF5St2pRhRzFmHqe/Ru2ShfaRYeX\nOzKy5zyQ0tXnzT3dPEPKc+LdUiufXqCCE/2hLTNFtyOJR/dPNDgRnXNvO9u5TkFC\nsaeL99JEPB2GQ+R4qzVyP+mp9VJblqSr6WYSFBNIulCr5UKc+tE++aolM/F1rRqz\nbp1dApxPi4jQ+k5SC5Cy5NmHSZG0/oyAoFAqMR26uEYlnani8LqVNMc0H8hIKIrX\n0gxdJ9nXOc4IohLIbkSaea3G6GzCQatncTKmvA7x7GcnKxxZVe7xRFNDbmCQKlEd\nNFSgKptgSAGbGbkxFzCD1Ztzf/3MfwUI2UL7XA+FVrNKNcynDtx82xZPZezT2gP8\n3sieCgoe9lbETZPQ7AHIssB50uI4rk6an+65J1l49zxGsUl8gqoEETQ4FXgApDYV\nLQ/lxlwZCKj5ttreUn4785QQsVg8hbjFr+S7pBzUrg1h6k7lHQKCAQEAxA4DkTWM\nyK9gBrg5neit8/hacmZTWIyZXPzKkEmIV4ozN+b1ZhKWPodEuxDvylGc+ebgC5RD\nZfYhfvs1nGqYTdw1U5EJYZwKxtJ1e0LY6LnjOygp6MqRYMj7qQAkCIEmoF5gEb+l\nwcyvx/RTEhby/AUAEvIwEkM8Hd36uz7F9rS+qbuSCVQZTuU5tOu7UTVSwwqJ/6MM\nItd+EDxjIQZYZcGc/FirQBXvb81X+IP0/leR2T4i8b6r6EQyvJQv2bJO8CcKhSMo\nO0r1jZ8mZWOHd7ta5veU6vkRzqnkFKlBC5vp8ZP7KN0sEkzlhBM6vAra0PEE6zU6\nX0v4o5DgBFaZ7wKCAQEAw/JtX9tbryCcxkV2br446Etl94ZMkndsEL3nA4yR5FcT\nPpIUXmlAft10oueTQnQBm/I1dovaw32TF7Uq26JXqyBKYNC9p/M6nPwkVVc0gCbE\nJ4fKGqa6cCMsFIw5Obab92EafAYBvbz8q6cioWo/M8vlfXAurgA1NrGXQAHWMKOl\nQt2r+d6JD50k+bKWebV3CmtIkIH/ylY80Fo/kvJYFWQmeB3pQSQvBrAARDWkLm6p\nx+5txK/oq6M/OAGlGz5nKTL3rHDNGzufIk6m+w6INu9/FZxvIe+uTA9v7sbVOAOB\nDFr/zMsPUQXOAf2ZB3XCwnrmIiIJ2FSwT8rBsV1jzQKCAQEAoAvApb3NW9au0U16\n24mi19MaIuGdkF/Woq5KvlcI0k2jWjNUiSsLM6hBV2SQG91cBDWRGGLEUmwHFB4G\nudXa11S4w6tWuTQlKAGOnj0HzZRSB2zWKY+T9iqcJm5S/A5SdgAU9Og6bGan6Ndv\nKQlK+qkqUk0bKQ1x+f/IOysXeDo8m1rf8HWS43EFFsiJddXN5iKoXOPBeH/qDV7+\nnWsMpqTTfrzzr7E4cVB0TA+M5ESgb3PmGurIcyeZM5DVLyX8gtecIut8YErlAeO1\n+Hazk+6CWqIqE1eYTdkqtCMnUk7JP8jJ86X54Ead5p+8Bt3lm0Pl/AzLxhfCteQC\nvAfmSQKCAQBM3Eww3I+jK0yzrU2edPlHjUPLCyAAF94I1yTFzJ7xjYJb+dsJiYml\n+eIlgGbQG0cCT8jO3l8KbbiEBSlxi8WNt5XVUiwCtDLan0D1RMawOgSZaPdK6vmY\nwQMqcDKGQ+375FgKLCUEsxv9jQrVfCKcg69aO+XjlOtKr/CfR9knrRlHGEK8OaFT\nwZVeaMIDrb2rFZgaLxQR3y/tnmjvkCYjBezdEwaK6dGUcvc3yj7Dg98PMKRYEZRX\ntyo2ItcLz7eRfo+OUZTyyLlMMMPpGLMvsVQNOxaQnj6lUSzb4ZyDY0R8fzl1sHUq\nl/dN6pbbSUMDHEgnPWjVNasPMX42v2ZFAoIBAQCDpslavcjwDO5EIDm3G1jYaoai\nh1bN8U1lmwYNMKWm/BsBLqBtapWkOcClIvSBXTohD8Rou+fUlZAwF+JC5XsKgcut\n3O8ixATOCQ2QKdPFavEe6CGSRFh+Whfy2evLl4TOfPdHGD0BBm/GV5DtJpKjG7e3\naPqlcniyiMbaX9dNQ77bZsTvCzat0jfv8cV/yxjTbT2rNd7N/LraT3xleq77sIqp\nxaHTMe+qiLbm/H4EV4/gOaw8AfYQYlGLhDlqSf0kX3Qe1/Z2NJ7rIbER08Qo80BW\nopO2X2Do4X0OFGKuiDfdu+p8ULergfXaeDO++BqZhtyHztdRZNaimLDZ1/gH\n-----END RSA PRIVATE KEY-----\n",
            "content_base64": null,
            "content_base64sha256": "JYL1sIHnhK+yyWJI6k4ZoRb+HPRjXj9uQ3mAuPtMQ5A=",
            "content_base64sha512": "X4JW/GIKImzT4ghyoLf0lTHYVi88Jz14Ti9u3Py2W9SIktAhM7Kvai4n5qwjLsve5cyAVGYNp3h6YRQQ3HLdTQ==",
            "content_md5": "044ebcc6292a163386d7230b4b2c731a",
            "content_sha1": "6e8ea1614e2a8de05817cd594ac3f6c5a02f63f8",
            "content_sha256": "2582f5b081e784afb2c96248ea4e19a116fe1cf4635e3f6e437980b8fb4c4390",
            "content_sha512": "5f8256fc620a226cd3e20872a0b7f49531d8562f3c273d784e2f6edcfcb65bd48892d02133b2af6a2e27e6ac232ecbdee5cc8054660da7787a611410dc72dd4d",
            "directory_permission": "0777",
            "file_permission": "0400",
            "filename": "P1_4tier_archi_keypair_private",
            "id": "6e8ea1614e2a8de05817cd594ac3f6c5a02f63f8",
            "sensitive_content": null,
            "source": null
          },
          "sensitive_attributes": [
            [
              {
                "type": "get_attr",
                "value": "content"
              }
            ],
            [
              {
                "type": "get_attr",
                "value": "sensitive_content"
              }
            ]
          ],
          "identity_schema_version": 0,
          "dependencies": [
            "tls_private_key.P1_keypair"
          ]
        }
      ]
    },
    {
      "mode": "managed",
      "type": "tls_private_key",
      "name": "P1_keypair",
      "provider": "provider[\"registry.terraform.io/hashicorp/tls\"]",
      "instances": [
        {
          "schema_version": 1,
          "attributes": {
            "algorithm": "RSA",
            "ecdsa_curve": "P224",
            "id": "7e475f6fb277677840a9665c747e22d9d9277b7a",
            "private_key_openssh": "-----BEGIN OPENSSH PRIVATE KEY-----\nb3BlbnNzaC1rZXktdjEAAAAABG5vbmUAAAAEbm9uZQAAAAAAAAABAAACFwAAAAdz\nc2gtcnNhAAAAAwEAAQAAAgEAlhBVulvFNsooTZpWjiDzsAq0Qu+4g94996MyIDjs\n3H7kz24lhxHROfaZVnruyYnkTC5YN0aVLU/Ww1akVbgc9EhPkVmCcc2BPAj/dByS\nMLsXiN4RMITJ1na/qpUtkjXg57h6oHjvdraCvwnmWYWxzIUsVIZ2f14gXYc084qq\nb/Z6jngk1o0ggwgRa9TpcjAYhc8Mn+nGtBGcmgjztuZqTnr3yV+ji03laM9fHi18\nWh+ZPNxJQUOdvICXXQToPq1NyMOKG0+0auEQy4N6NlyEQUH3aFHZZBQs+skJIJ1b\nj0xrxTE3a2smAuOOiZ5M3cBNQ2mfPd2BMUoW89cMavptZ3r2gFTuYfq3gQEyc0Pv\ngJ1CZcnfilva3LnQut3F+7LAY8Nd3GMyCM4EnGbAYLZDHIEWdWwC6nB0UpKCkKy7\nLpzQFIkAU+b334lHcX8z5U13l1OREP9E8X8LHuzwEWm7oGijNtmm4e181X28Xx8Q\nmcmcLoPID0FVJIWwL+aH2jqbSIAo9GEG5ULhUxKxLvljAlYb4uePOx5CiTrBastu\n7dZJwclfVPrry6Lwo3GT0RyZ8AuLXDAOTGOkcomu8ADqamglFsjHJStX826N+YGL\nE7CUJvrRk7bfZSrTZSWfQUJkxOKGTIipsroR7bvYxDKjPQ7M8Pg5jCLdS+S8JCGz\nsWMAAAc44u3YheLt2IUAAAAHc3NoLXJzYQAAAgEAlhBVulvFNsooTZpWjiDzsAq0\nQu+4g94996MyIDjs3H7kz24lhxHROfaZVnruyYnkTC5YN0aVLU/Ww1akVbgc9EhP\nkVmCcc2BPAj/dBySMLsXiN4RMITJ1na/qpUtkjXg57h6oHjvdraCvwnmWYWxzIUs\nVIZ2f14gXYc084qqb/Z6jngk1o0ggwgRa9TpcjAYhc8Mn+nGtBGcmgjztuZqTnr3\nyV+ji03laM9fHi18Wh+ZPNxJQUOdvICXXQToPq1NyMOKG0+0auEQy4N6NlyEQUH3\naFHZZBQs+skJIJ1bj0xrxTE3a2smAuOOiZ5M3cBNQ2mfPd2BMUoW89cMavptZ3r2\ngFTuYfq3gQEyc0PvgJ1CZcnfilva3LnQut3F+7LAY8Nd3GMyCM4EnGbAYLZDHIEW\ndWwC6nB0UpKCkKy7LpzQFIkAU+b334lHcX8z5U13l1OREP9E8X8LHuzwEWm7oGij\nNtmm4e181X28Xx8QmcmcLoPID0FVJIWwL+aH2jqbSIAo9GEG5ULhUxKxLvljAlYb\n4uePOx5CiTrBastu7dZJwclfVPrry6Lwo3GT0RyZ8AuLXDAOTGOkcomu8ADqamgl\nFsjHJStX826N+YGLE7CUJvrRk7bfZSrTZSWfQUJkxOKGTIipsroR7bvYxDKjPQ7M\n8Pg5jCLdS+S8JCGzsWMAAAADAQABAAACAAURgSu9rMAIfOr+Ev1S7JgeDG+UVCmU\nCIjEKM3AznM2D/lXkYnp1qS8CPrMRSNmdmECUbVwO1qf7zOCyiMhCE1R4eoZWVgJ\npltGPIaJ7oAZ2ZYkVfVLDtwg/6E9z5+4FSQObYnc+82JJYpZRb/xTYuIVfJ25iqw\nHay7A9VT8iS88O+97BSZCKeUTq5TLx1NtY5Ta2w9Q5pSW/Ux5zVeu+lxqsvQ4J+0\nXlK3alGFHMWYep79G7ZKF9pFh5c7MrLnPJDS1efNPd08Q8pz4t1SK59eoIIT/aEt\nM0W3I4lH9080OBGdc28727lOQUKxp4v30kQ8HYZD5HirNXI/6an1UluWpKvpZhIU\nE0i6UKvlQpz60T75qiUz8XWtGrNunV0CnE+LiND6TlILkLLk2YdJkbT+jICgUCox\nHbq4RiWdqeLwupU0xzQfyEgoitfSDF0n2dc5zgiiEshuRJp5rcbobMJBq2dxMqa8\nDvHsZycrHFlV7vFEU0NuYJAqUR00VKAqm2BIAZsZuTEXMIPVm3N//cx/BQjZQvtc\nD4VWs0o1zKcO3HzbFk9l7NPaA/zeyJ4KCh72VsRNk9DsAciywHnS4jiuTpqf7rkn\nWXj3PEaxSXyCqgQRNDgVeACkNhUtD+XGXBkIqPm22t5SfjvzlBCxWDyFuMWv5Luk\nHNSuDWHqTuUdAAABAQCDpslavcjwDO5EIDm3G1jYaoaih1bN8U1lmwYNMKWm/BsB\nLqBtapWkOcClIvSBXTohD8Rou+fUlZAwF+JC5XsKgcut3O8ixATOCQ2QKdPFavEe\n6CGSRFh+Whfy2evLl4TOfPdHGD0BBm/GV5DtJpKjG7e3aPqlcniyiMbaX9dNQ77b\nZsTvCzat0jfv8cV/yxjTbT2rNd7N/LraT3xleq77sIqpxaHTMe+qiLbm/H4EV4/g\nOaw8AfYQYlGLhDlqSf0kX3Qe1/Z2NJ7rIbER08Qo80BWopO2X2Do4X0OFGKuiDfd\nu+p8ULergfXaeDO++BqZhtyHztdRZNaimLDZ1/gHAAABAQDEDgORNYzIr2AGuDmd\n6K3z+FpyZlNYjJlc/MqQSYhXijM35vVmEpY+h0S7EO/KUZz55uALlENl9iF++zWc\naphN3DVTkQlhnArG0nV7QtjoueM7KCnoypFgyPupACQIgSagXmARv6XBzK/H9FMS\nFvL8BQAS8jASQzwd3fq7PsX2tL6pu5IJVBlO5Tm067tRNVLDCon/owwi134QPGMh\nBlhlwZz8WKtAFe9vzVf4g/T+V5HZPiLxvqvoRDK8lC/Zsk7wJwqFIyg7SvWNnyZl\nY4d3u1rm95Tq+RHOqeQUqUELm+nxk/so3SwSTOWEEzq8CtrQ8QTrNTpfS/ijkOAE\nVpnvAAABAQDD8m1f21uvIJzGRXZuvjjoS2X3hkySd2wQvecDjJHkVxM+khReaUB+\n3XSi55NCdAGb8jV2i9rDfZMXtSrbolerIEpg0L2n8zqc/CRVVzSAJsQnh8oaprpw\nIywUjDk5tpv3YRp8BgG9vPyrpyKhaj8zy+V9cC6uADU2sZdAAdYwo6VC3av53okP\nnST5spZ5tXcKa0iQgf/KVjzQWj+S8lgVZCZ4HelBJC8GsABENaQubqnH7m3Er+ir\noz84AaUbPmcpMvescM0bO58iTqb7Dog2738VnG8h765MD2/uxtU4A4EMWv/Myw9R\nBc4B/ZkHdcLCeuYiIgnYVLBPysGxXWPNAAAAAAEC\n-----END OPENSSH PRIVATE KEY-----\n",
            "private_key_pem": "-----BEGIN RSA PRIVATE KEY-----\nMIIJKQIBAAKCAgEAlhBVulvFNsooTZpWjiDzsAq0Qu+4g94996MyIDjs3H7kz24l\nhxHROfaZVnruyYnkTC5YN0aVLU/Ww1akVbgc9EhPkVmCcc2BPAj/dBySMLsXiN4R\nMITJ1na/qpUtkjXg57h6oHjvdraCvwnmWYWxzIUsVIZ2f14gXYc084qqb/Z6jngk\n1o0ggwgRa9TpcjAYhc8Mn+nGtBGcmgjztuZqTnr3yV+ji03laM9fHi18Wh+ZPNxJ\nQUOdvICXXQToPq1NyMOKG0+0auEQy4N6NlyEQUH3aFHZZBQs+skJIJ1bj0xrxTE3\na2smAuOOiZ5M3cBNQ2mfPd2BMUoW89cMavptZ3r2gFTuYfq3gQEyc0PvgJ1CZcnf\nilva3LnQut3F+7LAY8Nd3GMyCM4EnGbAYLZDHIEWdWwC6nB0UpKCkKy7LpzQFIkA\nU+b334lHcX8z5U13l1OREP9E8X8LHuzwEWm7oGijNtmm4e181X28Xx8QmcmcLoPI\nD0FVJIWwL+aH2jqbSIAo9GEG5ULhUxKxLvljAlYb4uePOx5CiTrBastu7dZJwclf\nVPrry6Lwo3GT0RyZ8AuLXDAOTGOkcomu8ADqamglFsjHJStX826N+YGLE7CUJvrR\nk7bfZSrTZSWfQUJkxOKGTIipsroR7bvYxDKjPQ7M8Pg5jCLdS+S8JCGzsWMCAwEA\nAQKCAgAFEYErvazACHzq/hL9UuyYHgxvlFQplAiIxCjNwM5zNg/5V5GJ6dakvAj6\nzEUjZnZhAlG1cDtan+8zgsojIQhNUeHqGVlYCaZbRjyGie6AGdmWJFX1Sw7cIP+h\nPc+fuBUkDm2J3PvNiSWKWUW/8U2LiFXyduYqsB2suwPVU/IkvPDvvewUmQinlE6u\nUy8dTbWOU2tsPUOaUlv1Mec1XrvpcarL0OCftF5St2pRhRzFmHqe/Ru2ShfaRYeX\nOzKy5zyQ0tXnzT3dPEPKc+LdUiufXqCCE/2hLTNFtyOJR/dPNDgRnXNvO9u5TkFC\nsaeL99JEPB2GQ+R4qzVyP+mp9VJblqSr6WYSFBNIulCr5UKc+tE++aolM/F1rRqz\nbp1dApxPi4jQ+k5SC5Cy5NmHSZG0/oyAoFAqMR26uEYlnani8LqVNMc0H8hIKIrX\n0gxdJ9nXOc4IohLIbkSaea3G6GzCQatncTKmvA7x7GcnKxxZVe7xRFNDbmCQKlEd\nNFSgKptgSAGbGbkxFzCD1Ztzf/3MfwUI2UL7XA+FVrNKNcynDtx82xZPZezT2gP8\n3sieCgoe9lbETZPQ7AHIssB50uI4rk6an+65J1l49zxGsUl8gqoEETQ4FXgApDYV\nLQ/lxlwZCKj5ttreUn4785QQsVg8hbjFr+S7pBzUrg1h6k7lHQKCAQEAxA4DkTWM\nyK9gBrg5neit8/hacmZTWIyZXPzKkEmIV4ozN+b1ZhKWPodEuxDvylGc+ebgC5RD\nZfYhfvs1nGqYTdw1U5EJYZwKxtJ1e0LY6LnjOygp6MqRYMj7qQAkCIEmoF5gEb+l\nwcyvx/RTEhby/AUAEvIwEkM8Hd36uz7F9rS+qbuSCVQZTuU5tOu7UTVSwwqJ/6MM\nItd+EDxjIQZYZcGc/FirQBXvb81X+IP0/leR2T4i8b6r6EQyvJQv2bJO8CcKhSMo\nO0r1jZ8mZWOHd7ta5veU6vkRzqnkFKlBC5vp8ZP7KN0sEkzlhBM6vAra0PEE6zU6\nX0v4o5DgBFaZ7wKCAQEAw/JtX9tbryCcxkV2br446Etl94ZMkndsEL3nA4yR5FcT\nPpIUXmlAft10oueTQnQBm/I1dovaw32TF7Uq26JXqyBKYNC9p/M6nPwkVVc0gCbE\nJ4fKGqa6cCMsFIw5Obab92EafAYBvbz8q6cioWo/M8vlfXAurgA1NrGXQAHWMKOl\nQt2r+d6JD50k+bKWebV3CmtIkIH/ylY80Fo/kvJYFWQmeB3pQSQvBrAARDWkLm6p\nx+5txK/oq6M/OAGlGz5nKTL3rHDNGzufIk6m+w6INu9/FZxvIe+uTA9v7sbVOAOB\nDFr/zMsPUQXOAf2ZB3XCwnrmIiIJ2FSwT8rBsV1jzQKCAQEAoAvApb3NW9au0U16\n24mi19MaIuGdkF/Woq5KvlcI0k2jWjNUiSsLM6hBV2SQG91cBDWRGGLEUmwHFB4G\nudXa11S4w6tWuTQlKAGOnj0HzZRSB2zWKY+T9iqcJm5S/A5SdgAU9Og6bGan6Ndv\nKQlK+qkqUk0bKQ1x+f/IOysXeDo8m1rf8HWS43EFFsiJddXN5iKoXOPBeH/qDV7+\nnWsMpqTTfrzzr7E4cVB0TA+M5ESgb3PmGurIcyeZM5DVLyX8gtecIut8YErlAeO1\n+Hazk+6CWqIqE1eYTdkqtCMnUk7JP8jJ86X54Ead5p+8Bt3lm0Pl/AzLxhfCteQC\nvAfmSQKCAQBM3Eww3I+jK0yzrU2edPlHjUPLCyAAF94I1yTFzJ7xjYJb+dsJiYml\n+eIlgGbQG0cCT8jO3l8KbbiEBSlxi8WNt5XVUiwCtDLan0D1RMawOgSZaPdK6vmY\nwQMqcDKGQ+375FgKLCUEsxv9jQrVfCKcg69aO+XjlOtKr/CfR9knrRlHGEK8OaFT\nwZVeaMIDrb2rFZgaLxQR3y/tnmjvkCYjBezdEwaK6dGUcvc3yj7Dg98PMKRYEZRX\ntyo2ItcLz7eRfo+OUZTyyLlMMMPpGLMvsVQNOxaQnj6lUSzb4ZyDY0R8fzl1sHUq\nl/dN6pbbSUMDHEgnPWjVNasPMX42v2ZFAoIBAQCDpslavcjwDO5EIDm3G1jYaoai\nh1bN8U1lmwYNMKWm/BsBLqBtapWkOcClIvSBXTohD8Rou+fUlZAwF+JC5XsKgcut\n3O8ixATOCQ2QKdPFavEe6CGSRFh+Whfy2evLl4TOfPdHGD0BBm/GV5DtJpKjG7e3\naPqlcniyiMbaX9dNQ77bZsTvCzat0jfv8cV/yxjTbT2rNd7N/LraT3xleq77sIqp\nxaHTMe+qiLbm/H4EV4/gOaw8AfYQYlGLhDlqSf0kX3Qe1/Z2NJ7rIbER08Qo80BW\nopO2X2Do4X0OFGKuiDfdu+p8ULergfXaeDO++BqZhtyHztdRZNaimLDZ1/gH\n-----END RSA PRIVATE KEY-----\n",
            "private_key_pem_pkcs8": "-----BEGIN PRIVATE KEY-----\nMIIJQwIBADANBgkqhkiG9w0BAQEFAASCCS0wggkpAgEAAoICAQCWEFW6W8U2yihN\nmlaOIPOwCrRC77iD3j33ozIgOOzcfuTPbiWHEdE59plWeu7JieRMLlg3RpUtT9bD\nVqRVuBz0SE+RWYJxzYE8CP90HJIwuxeI3hEwhMnWdr+qlS2SNeDnuHqgeO92toK/\nCeZZhbHMhSxUhnZ/XiBdhzTziqpv9nqOeCTWjSCDCBFr1OlyMBiFzwyf6ca0EZya\nCPO25mpOevfJX6OLTeVoz18eLXxaH5k83ElBQ528gJddBOg+rU3Iw4obT7Rq4RDL\ng3o2XIRBQfdoUdlkFCz6yQkgnVuPTGvFMTdrayYC446JnkzdwE1DaZ893YExShbz\n1wxq+m1nevaAVO5h+reBATJzQ++AnUJlyd+KW9rcudC63cX7ssBjw13cYzIIzgSc\nZsBgtkMcgRZ1bALqcHRSkoKQrLsunNAUiQBT5vffiUdxfzPlTXeXU5EQ/0Txfwse\n7PARabugaKM22abh7XzVfbxfHxCZyZwug8gPQVUkhbAv5ofaOptIgCj0YQblQuFT\nErEu+WMCVhvi5487HkKJOsFqy27t1knByV9U+uvLovCjcZPRHJnwC4tcMA5MY6Ry\nia7wAOpqaCUWyMclK1fzbo35gYsTsJQm+tGTtt9lKtNlJZ9BQmTE4oZMiKmyuhHt\nu9jEMqM9Dszw+DmMIt1L5LwkIbOxYwIDAQABAoICAAURgSu9rMAIfOr+Ev1S7Jge\nDG+UVCmUCIjEKM3AznM2D/lXkYnp1qS8CPrMRSNmdmECUbVwO1qf7zOCyiMhCE1R\n4eoZWVgJpltGPIaJ7oAZ2ZYkVfVLDtwg/6E9z5+4FSQObYnc+82JJYpZRb/xTYuI\nVfJ25iqwHay7A9VT8iS88O+97BSZCKeUTq5TLx1NtY5Ta2w9Q5pSW/Ux5zVeu+lx\nqsvQ4J+0XlK3alGFHMWYep79G7ZKF9pFh5c7MrLnPJDS1efNPd08Q8pz4t1SK59e\noIIT/aEtM0W3I4lH9080OBGdc28727lOQUKxp4v30kQ8HYZD5HirNXI/6an1UluW\npKvpZhIUE0i6UKvlQpz60T75qiUz8XWtGrNunV0CnE+LiND6TlILkLLk2YdJkbT+\njICgUCoxHbq4RiWdqeLwupU0xzQfyEgoitfSDF0n2dc5zgiiEshuRJp5rcbobMJB\nq2dxMqa8DvHsZycrHFlV7vFEU0NuYJAqUR00VKAqm2BIAZsZuTEXMIPVm3N//cx/\nBQjZQvtcD4VWs0o1zKcO3HzbFk9l7NPaA/zeyJ4KCh72VsRNk9DsAciywHnS4jiu\nTpqf7rknWXj3PEaxSXyCqgQRNDgVeACkNhUtD+XGXBkIqPm22t5SfjvzlBCxWDyF\nuMWv5LukHNSuDWHqTuUdAoIBAQDEDgORNYzIr2AGuDmd6K3z+FpyZlNYjJlc/MqQ\nSYhXijM35vVmEpY+h0S7EO/KUZz55uALlENl9iF++zWcaphN3DVTkQlhnArG0nV7\nQtjoueM7KCnoypFgyPupACQIgSagXmARv6XBzK/H9FMSFvL8BQAS8jASQzwd3fq7\nPsX2tL6pu5IJVBlO5Tm067tRNVLDCon/owwi134QPGMhBlhlwZz8WKtAFe9vzVf4\ng/T+V5HZPiLxvqvoRDK8lC/Zsk7wJwqFIyg7SvWNnyZlY4d3u1rm95Tq+RHOqeQU\nqUELm+nxk/so3SwSTOWEEzq8CtrQ8QTrNTpfS/ijkOAEVpnvAoIBAQDD8m1f21uv\nIJzGRXZuvjjoS2X3hkySd2wQvecDjJHkVxM+khReaUB+3XSi55NCdAGb8jV2i9rD\nfZMXtSrbolerIEpg0L2n8zqc/CRVVzSAJsQnh8oaprpwIywUjDk5tpv3YRp8BgG9\nvPyrpyKhaj8zy+V9cC6uADU2sZdAAdYwo6VC3av53okPnST5spZ5tXcKa0iQgf/K\nVjzQWj+S8lgVZCZ4HelBJC8GsABENaQubqnH7m3Er+iroz84AaUbPmcpMvescM0b\nO58iTqb7Dog2738VnG8h765MD2/uxtU4A4EMWv/Myw9RBc4B/ZkHdcLCeuYiIgnY\nVLBPysGxXWPNAoIBAQCgC8Clvc1b1q7RTXrbiaLX0xoi4Z2QX9airkq+VwjSTaNa\nM1SJKwszqEFXZJAb3VwENZEYYsRSbAcUHga51drXVLjDq1a5NCUoAY6ePQfNlFIH\nbNYpj5P2KpwmblL8DlJ2ABT06DpsZqfo128pCUr6qSpSTRspDXH5/8g7Kxd4Ojyb\nWt/wdZLjcQUWyIl11c3mIqhc48F4f+oNXv6dawympNN+vPOvsThxUHRMD4zkRKBv\nc+Ya6shzJ5kzkNUvJfyC15wi63xgSuUB47X4drOT7oJaoioTV5hN2Sq0IydSTsk/\nyMnzpfngRp3mn7wG3eWbQ+X8DMvGF8K15AK8B+ZJAoIBAEzcTDDcj6MrTLOtTZ50\n+UeNQ8sLIAAX3gjXJMXMnvGNglv52wmJiaX54iWAZtAbRwJPyM7eXwptuIQFKXGL\nxY23ldVSLAK0MtqfQPVExrA6BJlo90rq+ZjBAypwMoZD7fvkWAosJQSzG/2NCtV8\nIpyDr1o75eOU60qv8J9H2SetGUcYQrw5oVPBlV5owgOtvasVmBovFBHfL+2eaO+Q\nJiMF7N0TBorp0ZRy9zfKPsOD3w8wpFgRlFe3KjYi1wvPt5F+j45RlPLIuUwww+kY\nsy+xVA07FpCePqVRLNvhnINjRHx/OXWwdSqX903qlttJQwMcSCc9aNU1qw8xfja/\nZkUCggEBAIOmyVq9yPAM7kQgObcbWNhqhqKHVs3xTWWbBg0wpab8GwEuoG1qlaQ5\nwKUi9IFdOiEPxGi759SVkDAX4kLlewqBy63c7yLEBM4JDZAp08Vq8R7oIZJEWH5a\nF/LZ68uXhM5890cYPQEGb8ZXkO0mkqMbt7do+qVyeLKIxtpf101DvttmxO8LNq3S\nN+/xxX/LGNNtPas13s38utpPfGV6rvuwiqnFodMx76qItub8fgRXj+A5rDwB9hBi\nUYuEOWpJ/SRfdB7X9nY0nushsRHTxCjzQFaik7ZfYOjhfQ4UYq6IN9276nxQt6uB\n9dp4M774GpmG3IfO11Fk1qKYsNnX+Ac=\n-----END PRIVATE KEY-----\n",
            "public_key_fingerprint_md5": "d8:b2:98:4f:e2:11:10:d7:64:2f:05:db:39:a0:a2:24",
            "public_key_fingerprint_sha256": "SHA256:XLJXSnxg9JJ+uUIDlzgLEMBVi7cZL/JFXBkn7rWTwkA",
            "public_key_openssh": "ssh-rsa AAAAB3NzaC1yc2EAAAADAQABAAACAQCWEFW6W8U2yihNmlaOIPOwCrRC77iD3j33ozIgOOzcfuTPbiWHEdE59plWeu7JieRMLlg3RpUtT9bDVqRVuBz0SE+RWYJxzYE8CP90HJIwuxeI3hEwhMnWdr+qlS2SNeDnuHqgeO92toK/CeZZhbHMhSxUhnZ/XiBdhzTziqpv9nqOeCTWjSCDCBFr1OlyMBiFzwyf6ca0EZyaCPO25mpOevfJX6OLTeVoz18eLXxaH5k83ElBQ528gJddBOg+rU3Iw4obT7Rq4RDLg3o2XIRBQfdoUdlkFCz6yQkgnVuPTGvFMTdrayYC446JnkzdwE1DaZ893YExShbz1wxq+m1nevaAVO5h+reBATJzQ++AnUJlyd+KW9rcudC63cX7ssBjw13cYzIIzgScZsBgtkMcgRZ1bALqcHRSkoKQrLsunNAUiQBT5vffiUdxfzPlTXeXU5EQ/0Txfwse7PARabugaKM22abh7XzVfbxfHxCZyZwug8gPQVUkhbAv5ofaOptIgCj0YQblQuFTErEu+WMCVhvi5487HkKJOsFqy27t1knByV9U+uvLovCjcZPRHJnwC4tcMA5MY6Ryia7wAOpqaCUWyMclK1fzbo35gYsTsJQm+tGTtt9lKtNlJZ9BQmTE4oZMiKmyuhHtu9jEMqM9Dszw+DmMIt1L5LwkIbOxYw==\n",
            "public_key_pem": "-----BEGIN PUBLIC KEY-----\nMIICIjANBgkqhkiG9w0BAQEFAAOCAg8AMIICCgKCAgEAlhBVulvFNsooTZpWjiDz\nsAq0Qu+4g94996MyIDjs3H7kz24lhxHROfaZVnruyYnkTC5YN0aVLU/Ww1akVbgc\n9EhPkVmCcc2BPAj/dBySMLsXiN4RMITJ1na/qpUtkjXg57h6oHjvdraCvwnmWYWx\nzIUsVIZ2f14gXYc084qqb/Z6jngk1o0ggwgRa9TpcjAYhc8Mn+nGtBGcmgjztuZq\nTnr3yV+ji03laM9fHi18Wh+ZPNxJQUOdvICXXQToPq1NyMOKG0+0auEQy4N6NlyE\nQUH3aFHZZBQs+skJIJ1bj0xrxTE3a2smAuOOiZ5M3cBNQ2mfPd2BMUoW89cMavpt\nZ3r2gFTuYfq3gQEyc0PvgJ1CZcnfilva3LnQut3F+7LAY8Nd3GMyCM4EnGbAYLZD\nHIEWdWwC6nB0UpKCkKy7LpzQFIkAU+b334lHcX8z5U13l1OREP9E8X8LHuzwEWm7\noGijNtmm4e181X28Xx8QmcmcLoPID0FVJIWwL+aH2jqbSIAo9GEG5ULhUxKxLvlj\nAlYb4uePOx5CiTrBastu7dZJwclfVPrry6Lwo3GT0RyZ8AuLXDAOTGOkcomu8ADq\namglFsjHJStX826N+YGLE7CUJvrRk7bfZSrTZSWfQUJkxOKGTIipsroR7bvYxDKj\nPQ7M8Pg5jCLdS+S8JCGzsWMCAwEAAQ==\n-----END PUBLIC KEY-----\n",
            "rsa_bits": 4096
          },
          "sensitive_attributes": [
            [
              {
                "type": "get_attr",
                "value": "private_key_openssh"
              }
            ],
            [
              {
                "type": "get_attr",
                "value": "private_key_pem"
              }
            ],
            [
              {
                "type": "get_attr",
                "value": "private_key_pem_pkcs8"
              }
            ]
          ],
          "identity_schema_version": 0,
          "create_before_destroy": true
        }
      ]
    }
  ],
  "check_results": null
}
